
Microsoft Visual Studio Solution File, Format Version 12.00
# Visual Studio 14
VisualStudioVersion = 14.0.25123.0
MinimumVisualStudioVersion = 10.0.40219.1
Project("{FAE04EC0-301F-11D3-BF4B-00C04F79EFBC}") = "HoloTour.Droid", "UI\HoloTour.Droid\HoloTour.Droid.csproj", "{4212595C-3299-4E79-B2A2-3CE47586FAD5}"
EndProject
Project("{FAE04EC0-301F-11D3-BF4B-00C04F79EFBC}") = "HoloTour.iOS", "UI\HoloTour.iOS\HoloTour.iOS.csproj", "{8006EE01-7276-4030-AC0A-49A79B84AA53}"
EndProject
Project("{FAE04EC0-301F-11D3-BF4B-00C04F79EFBC}") = "HoloTour.WinPhone", "UI\HoloTour.WinPhone\HoloTour.WinPhone.csproj", "{FADCAC21-641C-429F-AC32-114584BBEEAA}"
EndProject
Project("{FAE04EC0-301F-11D3-BF4B-00C04F79EFBC}") = "HoloTour.UWP", "UI\HoloTour.UWP\HoloTour.UWP.csproj", "{A681ECBF-AC9C-4173-B9A5-728E48ED9CDE}"
EndProject
Project("{FAE04EC0-301F-11D3-BF4B-00C04F79EFBC}") = "HoloTour.Windows", "UI\HoloTour.Windows\HoloTour.Windows.csproj", "{C410E6C9-A034-46DD-8F65-E7A085817FBB}"
EndProject
Project("{FAE04EC0-301F-11D3-BF4B-00C04F79EFBC}") = "HoloTour", "UI\HoloTour\HoloTour.csproj", "{9623DB56-0AA0-45F8-9D71-80D082D5EEE2}"
EndProject
Project("{FAE04EC0-301F-11D3-BF4B-00C04F79EFBC}") = "ContentLogics", "Logics\ContentLogics\ContentLogics.csproj", "{ABE850CD-20F9-45E1-B936-E0AE80B0B839}"
EndProject
Project("{FAE04EC0-301F-11D3-BF4B-00C04F79EFBC}") = "DataAcesss", "Data Acesss\DataAcesss\DataAcesss.csproj", "{A4208D09-17FD-4455-8CC3-7AAD73C483CD}"
EndProject
Project("{2150E333-8FDC-42A3-9474-1A3956D46DE8}") = "Data Access", "Data Access", "{EA6DDE08-F5F0-42E8-8AF7-7EBA859EC121}"
EndProject
Project("{2150E333-8FDC-42A3-9474-1A3956D46DE8}") = "Logics", "Logics", "{CDB2FD9A-02C5-4F4E-8DA1-5CAB95AFC3B3}"
EndProject
Project("{2150E333-8FDC-42A3-9474-1A3956D46DE8}") = "UI", "UI", "{D2FD7833-161F-47FB-A48B-AAC4D57B7B4B}"
EndProject
Project("{FAE04EC0-301F-11D3-BF4B-00C04F79EFBC}") = "Common", "Common\Common.csproj", "{9FA02662-F5AC-4986-BD06-85D677BF442B}"
EndProject
Project("{2150E333-8FDC-42A3-9474-1A3956D46DE8}") = "Tests", "Tests", "{443C58E2-551B-4A79-88D5-6F521B932DB6}"
EndProject
Project("{FAE04EC0-301F-11D3-BF4B-00C04F79EFBC}") = "Tests", "Tests\Tests.csproj", "{067456C0-086C-46A8-B37F-1405717B7BFC}"
EndProject
Project("{2150E333-8FDC-42A3-9474-1A3956D46DE8}") = "Utilities", "Utilities", "{DF4CCD94-A49B-4526-8DB3-6585943C4CE1}"
EndProject
Project("{FAE04EC0-301F-11D3-BF4B-00C04F79EFBC}") = "GetScaledImageAsString", "GetScaledImageAsString\GetScaledImageAsString.csproj", "{84198CB6-7CBF-418A-B023-B0CEC6610BC3}"
EndProject
Global
	GlobalSection(SolutionConfigurationPlatforms) = preSolution
		Ad-Hoc|Any CPU = Ad-Hoc|Any CPU
		Ad-Hoc|ARM = Ad-Hoc|ARM
		Ad-Hoc|iPhone = Ad-Hoc|iPhone
		Ad-Hoc|iPhoneSimulator = Ad-Hoc|iPhoneSimulator
		Ad-Hoc|x64 = Ad-Hoc|x64
		Ad-Hoc|x86 = Ad-Hoc|x86
		AppStore|Any CPU = AppStore|Any CPU
		AppStore|ARM = AppStore|ARM
		AppStore|iPhone = AppStore|iPhone
		AppStore|iPhoneSimulator = AppStore|iPhoneSimulator
		AppStore|x64 = AppStore|x64
		AppStore|x86 = AppStore|x86
		Debug|Any CPU = Debug|Any CPU
		Debug|ARM = Debug|ARM
		Debug|iPhone = Debug|iPhone
		Debug|iPhoneSimulator = Debug|iPhoneSimulator
		Debug|x64 = Debug|x64
		Debug|x86 = Debug|x86
		Release|Any CPU = Release|Any CPU
		Release|ARM = Release|ARM
		Release|iPhone = Release|iPhone
		Release|iPhoneSimulator = Release|iPhoneSimulator
		Release|x64 = Release|x64
		Release|x86 = Release|x86
	EndGlobalSection
	GlobalSection(ProjectConfigurationPlatforms) = postSolution
		{4212595C-3299-4E79-B2A2-3CE47586FAD5}.Ad-Hoc|Any CPU.ActiveCfg = Release|Any CPU
		{4212595C-3299-4E79-B2A2-3CE47586FAD5}.Ad-Hoc|Any CPU.Build.0 = Release|Any CPU
		{4212595C-3299-4E79-B2A2-3CE47586FAD5}.Ad-Hoc|Any CPU.Deploy.0 = Release|Any CPU
		{4212595C-3299-4E79-B2A2-3CE47586FAD5}.Ad-Hoc|ARM.ActiveCfg = Release|Any CPU
		{4212595C-3299-4E79-B2A2-3CE47586FAD5}.Ad-Hoc|ARM.Build.0 = Release|Any CPU
		{4212595C-3299-4E79-B2A2-3CE47586FAD5}.Ad-Hoc|ARM.Deploy.0 = Release|Any CPU
		{4212595C-3299-4E79-B2A2-3CE47586FAD5}.Ad-Hoc|iPhone.ActiveCfg = Release|Any CPU
		{4212595C-3299-4E79-B2A2-3CE47586FAD5}.Ad-Hoc|iPhone.Build.0 = Release|Any CPU
		{4212595C-3299-4E79-B2A2-3CE47586FAD5}.Ad-Hoc|iPhone.Deploy.0 = Release|Any CPU
		{4212595C-3299-4E79-B2A2-3CE47586FAD5}.Ad-Hoc|iPhoneSimulator.ActiveCfg = Release|Any CPU
		{4212595C-3299-4E79-B2A2-3CE47586FAD5}.Ad-Hoc|iPhoneSimulator.Build.0 = Release|Any CPU
		{4212595C-3299-4E79-B2A2-3CE47586FAD5}.Ad-Hoc|iPhoneSimulator.Deploy.0 = Release|Any CPU
		{4212595C-3299-4E79-B2A2-3CE47586FAD5}.Ad-Hoc|x64.ActiveCfg = Release|Any CPU
		{4212595C-3299-4E79-B2A2-3CE47586FAD5}.Ad-Hoc|x64.Build.0 = Release|Any CPU
		{4212595C-3299-4E79-B2A2-3CE47586FAD5}.Ad-Hoc|x64.Deploy.0 = Release|Any CPU
		{4212595C-3299-4E79-B2A2-3CE47586FAD5}.Ad-Hoc|x86.ActiveCfg = Release|Any CPU
		{4212595C-3299-4E79-B2A2-3CE47586FAD5}.Ad-Hoc|x86.Build.0 = Release|Any CPU
		{4212595C-3299-4E79-B2A2-3CE47586FAD5}.Ad-Hoc|x86.Deploy.0 = Release|Any CPU
		{4212595C-3299-4E79-B2A2-3CE47586FAD5}.AppStore|Any CPU.ActiveCfg = Release|Any CPU
		{4212595C-3299-4E79-B2A2-3CE47586FAD5}.AppStore|Any CPU.Build.0 = Release|Any CPU
		{4212595C-3299-4E79-B2A2-3CE47586FAD5}.AppStore|Any CPU.Deploy.0 = Release|Any CPU
		{4212595C-3299-4E79-B2A2-3CE47586FAD5}.AppStore|ARM.ActiveCfg = Release|Any CPU
		{4212595C-3299-4E79-B2A2-3CE47586FAD5}.AppStore|ARM.Build.0 = Release|Any CPU
		{4212595C-3299-4E79-B2A2-3CE47586FAD5}.AppStore|ARM.Deploy.0 = Release|Any CPU
		{4212595C-3299-4E79-B2A2-3CE47586FAD5}.AppStore|iPhone.ActiveCfg = Release|Any CPU
		{4212595C-3299-4E79-B2A2-3CE47586FAD5}.AppStore|iPhone.Build.0 = Release|Any CPU
		{4212595C-3299-4E79-B2A2-3CE47586FAD5}.AppStore|iPhone.Deploy.0 = Release|Any CPU
		{4212595C-3299-4E79-B2A2-3CE47586FAD5}.AppStore|iPhoneSimulator.ActiveCfg = Release|Any CPU
		{4212595C-3299-4E79-B2A2-3CE47586FAD5}.AppStore|iPhoneSimulator.Build.0 = Release|Any CPU
		{4212595C-3299-4E79-B2A2-3CE47586FAD5}.AppStore|iPhoneSimulator.Deploy.0 = Release|Any CPU
		{4212595C-3299-4E79-B2A2-3CE47586FAD5}.AppStore|x64.ActiveCfg = Release|Any CPU
		{4212595C-3299-4E79-B2A2-3CE47586FAD5}.AppStore|x64.Build.0 = Release|Any CPU
		{4212595C-3299-4E79-B2A2-3CE47586FAD5}.AppStore|x64.Deploy.0 = Release|Any CPU
		{4212595C-3299-4E79-B2A2-3CE47586FAD5}.AppStore|x86.ActiveCfg = Release|Any CPU
		{4212595C-3299-4E79-B2A2-3CE47586FAD5}.AppStore|x86.Build.0 = Release|Any CPU
		{4212595C-3299-4E79-B2A2-3CE47586FAD5}.AppStore|x86.Deploy.0 = Release|Any CPU
		{4212595C-3299-4E79-B2A2-3CE47586FAD5}.Debug|Any CPU.ActiveCfg = Debug|Any CPU
		{4212595C-3299-4E79-B2A2-3CE47586FAD5}.Debug|Any CPU.Build.0 = Debug|Any CPU
		{4212595C-3299-4E79-B2A2-3CE47586FAD5}.Debug|Any CPU.Deploy.0 = Debug|Any CPU
		{4212595C-3299-4E79-B2A2-3CE47586FAD5}.Debug|ARM.ActiveCfg = Debug|Any CPU
		{4212595C-3299-4E79-B2A2-3CE47586FAD5}.Debug|ARM.Build.0 = Debug|Any CPU
		{4212595C-3299-4E79-B2A2-3CE47586FAD5}.Debug|ARM.Deploy.0 = Debug|Any CPU
		{4212595C-3299-4E79-B2A2-3CE47586FAD5}.Debug|iPhone.ActiveCfg = Debug|Any CPU
		{4212595C-3299-4E79-B2A2-3CE47586FAD5}.Debug|iPhone.Build.0 = Debug|Any CPU
		{4212595C-3299-4E79-B2A2-3CE47586FAD5}.Debug|iPhone.Deploy.0 = Debug|Any CPU
		{4212595C-3299-4E79-B2A2-3CE47586FAD5}.Debug|iPhoneSimulator.ActiveCfg = Debug|Any CPU
		{4212595C-3299-4E79-B2A2-3CE47586FAD5}.Debug|iPhoneSimulator.Build.0 = Debug|Any CPU
		{4212595C-3299-4E79-B2A2-3CE47586FAD5}.Debug|iPhoneSimulator.Deploy.0 = Debug|Any CPU
		{4212595C-3299-4E79-B2A2-3CE47586FAD5}.Debug|x64.ActiveCfg = Debug|Any CPU
		{4212595C-3299-4E79-B2A2-3CE47586FAD5}.Debug|x64.Build.0 = Debug|Any CPU
		{4212595C-3299-4E79-B2A2-3CE47586FAD5}.Debug|x64.Deploy.0 = Debug|Any CPU
		{4212595C-3299-4E79-B2A2-3CE47586FAD5}.Debug|x86.ActiveCfg = Debug|Any CPU
		{4212595C-3299-4E79-B2A2-3CE47586FAD5}.Debug|x86.Build.0 = Debug|Any CPU
		{4212595C-3299-4E79-B2A2-3CE47586FAD5}.Debug|x86.Deploy.0 = Debug|Any CPU
		{4212595C-3299-4E79-B2A2-3CE47586FAD5}.Release|Any CPU.ActiveCfg = Release|Any CPU
		{4212595C-3299-4E79-B2A2-3CE47586FAD5}.Release|Any CPU.Build.0 = Release|Any CPU
		{4212595C-3299-4E79-B2A2-3CE47586FAD5}.Release|Any CPU.Deploy.0 = Release|Any CPU
		{4212595C-3299-4E79-B2A2-3CE47586FAD5}.Release|ARM.ActiveCfg = Release|Any CPU
		{4212595C-3299-4E79-B2A2-3CE47586FAD5}.Release|ARM.Build.0 = Release|Any CPU
		{4212595C-3299-4E79-B2A2-3CE47586FAD5}.Release|ARM.Deploy.0 = Release|Any CPU
		{4212595C-3299-4E79-B2A2-3CE47586FAD5}.Release|iPhone.ActiveCfg = Release|Any CPU
		{4212595C-3299-4E79-B2A2-3CE47586FAD5}.Release|iPhone.Build.0 = Release|Any CPU
		{4212595C-3299-4E79-B2A2-3CE47586FAD5}.Release|iPhone.Deploy.0 = Release|Any CPU
		{4212595C-3299-4E79-B2A2-3CE47586FAD5}.Release|iPhoneSimulator.ActiveCfg = Release|Any CPU
		{4212595C-3299-4E79-B2A2-3CE47586FAD5}.Release|iPhoneSimulator.Build.0 = Release|Any CPU
		{4212595C-3299-4E79-B2A2-3CE47586FAD5}.Release|iPhoneSimulator.Deploy.0 = Release|Any CPU
		{4212595C-3299-4E79-B2A2-3CE47586FAD5}.Release|x64.ActiveCfg = Release|Any CPU
		{4212595C-3299-4E79-B2A2-3CE47586FAD5}.Release|x64.Build.0 = Release|Any CPU
		{4212595C-3299-4E79-B2A2-3CE47586FAD5}.Release|x64.Deploy.0 = Release|Any CPU
		{4212595C-3299-4E79-B2A2-3CE47586FAD5}.Release|x86.ActiveCfg = Release|Any CPU
		{4212595C-3299-4E79-B2A2-3CE47586FAD5}.Release|x86.Build.0 = Release|Any CPU
		{4212595C-3299-4E79-B2A2-3CE47586FAD5}.Release|x86.Deploy.0 = Release|Any CPU
		{8006EE01-7276-4030-AC0A-49A79B84AA53}.Ad-Hoc|Any CPU.ActiveCfg = Ad-Hoc|iPhone
		{8006EE01-7276-4030-AC0A-49A79B84AA53}.Ad-Hoc|ARM.ActiveCfg = Ad-Hoc|iPhone
		{8006EE01-7276-4030-AC0A-49A79B84AA53}.Ad-Hoc|iPhone.ActiveCfg = Ad-Hoc|iPhone
		{8006EE01-7276-4030-AC0A-49A79B84AA53}.Ad-Hoc|iPhone.Build.0 = Ad-Hoc|iPhone
		{8006EE01-7276-4030-AC0A-49A79B84AA53}.Ad-Hoc|iPhoneSimulator.ActiveCfg = Ad-Hoc|iPhoneSimulator
		{8006EE01-7276-4030-AC0A-49A79B84AA53}.Ad-Hoc|iPhoneSimulator.Build.0 = Ad-Hoc|iPhoneSimulator
		{8006EE01-7276-4030-AC0A-49A79B84AA53}.Ad-Hoc|x64.ActiveCfg = Ad-Hoc|iPhone
		{8006EE01-7276-4030-AC0A-49A79B84AA53}.Ad-Hoc|x86.ActiveCfg = Ad-Hoc|iPhone
		{8006EE01-7276-4030-AC0A-49A79B84AA53}.AppStore|Any CPU.ActiveCfg = AppStore|iPhone
		{8006EE01-7276-4030-AC0A-49A79B84AA53}.AppStore|ARM.ActiveCfg = AppStore|iPhone
		{8006EE01-7276-4030-AC0A-49A79B84AA53}.AppStore|iPhone.ActiveCfg = AppStore|iPhone
		{8006EE01-7276-4030-AC0A-49A79B84AA53}.AppStore|iPhone.Build.0 = AppStore|iPhone
		{8006EE01-7276-4030-AC0A-49A79B84AA53}.AppStore|iPhoneSimulator.ActiveCfg = AppStore|iPhoneSimulator
		{8006EE01-7276-4030-AC0A-49A79B84AA53}.AppStore|iPhoneSimulator.Build.0 = AppStore|iPhoneSimulator
		{8006EE01-7276-4030-AC0A-49A79B84AA53}.AppStore|x64.ActiveCfg = AppStore|iPhone
		{8006EE01-7276-4030-AC0A-49A79B84AA53}.AppStore|x86.ActiveCfg = AppStore|iPhone
		{8006EE01-7276-4030-AC0A-49A79B84AA53}.Debug|Any CPU.ActiveCfg = Debug|iPhone
		{8006EE01-7276-4030-AC0A-49A79B84AA53}.Debug|ARM.ActiveCfg = Debug|iPhone
		{8006EE01-7276-4030-AC0A-49A79B84AA53}.Debug|iPhone.ActiveCfg = Debug|iPhone
		{8006EE01-7276-4030-AC0A-49A79B84AA53}.Debug|iPhone.Build.0 = Debug|iPhone
		{8006EE01-7276-4030-AC0A-49A79B84AA53}.Debug|iPhoneSimulator.ActiveCfg = Debug|iPhoneSimulator
		{8006EE01-7276-4030-AC0A-49A79B84AA53}.Debug|iPhoneSimulator.Build.0 = Debug|iPhoneSimulator
		{8006EE01-7276-4030-AC0A-49A79B84AA53}.Debug|x64.ActiveCfg = Debug|iPhone
		{8006EE01-7276-4030-AC0A-49A79B84AA53}.Debug|x86.ActiveCfg = Debug|iPhone
		{8006EE01-7276-4030-AC0A-49A79B84AA53}.Release|Any CPU.ActiveCfg = Release|iPhone
		{8006EE01-7276-4030-AC0A-49A79B84AA53}.Release|ARM.ActiveCfg = Release|iPhone
		{8006EE01-7276-4030-AC0A-49A79B84AA53}.Release|iPhone.ActiveCfg = Release|iPhone
		{8006EE01-7276-4030-AC0A-49A79B84AA53}.Release|iPhone.Build.0 = Release|iPhone
		{8006EE01-7276-4030-AC0A-49A79B84AA53}.Release|iPhoneSimulator.ActiveCfg = Release|iPhoneSimulator
		{8006EE01-7276-4030-AC0A-49A79B84AA53}.Release|iPhoneSimulator.Build.0 = Release|iPhoneSimulator
		{8006EE01-7276-4030-AC0A-49A79B84AA53}.Release|x64.ActiveCfg = Release|iPhone
		{8006EE01-7276-4030-AC0A-49A79B84AA53}.Release|x86.ActiveCfg = Release|iPhone
		{FADCAC21-641C-429F-AC32-114584BBEEAA}.Ad-Hoc|Any CPU.ActiveCfg = Release|Any CPU
		{FADCAC21-641C-429F-AC32-114584BBEEAA}.Ad-Hoc|Any CPU.Build.0 = Release|Any CPU
		{FADCAC21-641C-429F-AC32-114584BBEEAA}.Ad-Hoc|Any CPU.Deploy.0 = Release|Any CPU
		{FADCAC21-641C-429F-AC32-114584BBEEAA}.Ad-Hoc|ARM.ActiveCfg = Release|ARM
		{FADCAC21-641C-429F-AC32-114584BBEEAA}.Ad-Hoc|ARM.Build.0 = Release|ARM
		{FADCAC21-641C-429F-AC32-114584BBEEAA}.Ad-Hoc|ARM.Deploy.0 = Release|ARM
		{FADCAC21-641C-429F-AC32-114584BBEEAA}.Ad-Hoc|iPhone.ActiveCfg = Release|Any CPU
		{FADCAC21-641C-429F-AC32-114584BBEEAA}.Ad-Hoc|iPhone.Build.0 = Release|Any CPU
		{FADCAC21-641C-429F-AC32-114584BBEEAA}.Ad-Hoc|iPhone.Deploy.0 = Release|Any CPU
		{FADCAC21-641C-429F-AC32-114584BBEEAA}.Ad-Hoc|iPhoneSimulator.ActiveCfg = Release|Any CPU
		{FADCAC21-641C-429F-AC32-114584BBEEAA}.Ad-Hoc|iPhoneSimulator.Build.0 = Release|Any CPU
		{FADCAC21-641C-429F-AC32-114584BBEEAA}.Ad-Hoc|iPhoneSimulator.Deploy.0 = Release|Any CPU
		{FADCAC21-641C-429F-AC32-114584BBEEAA}.Ad-Hoc|x64.ActiveCfg = Release|Any CPU
		{FADCAC21-641C-429F-AC32-114584BBEEAA}.Ad-Hoc|x64.Build.0 = Release|Any CPU
		{FADCAC21-641C-429F-AC32-114584BBEEAA}.Ad-Hoc|x64.Deploy.0 = Release|Any CPU
		{FADCAC21-641C-429F-AC32-114584BBEEAA}.Ad-Hoc|x86.ActiveCfg = Release|x86
		{FADCAC21-641C-429F-AC32-114584BBEEAA}.Ad-Hoc|x86.Build.0 = Release|x86
		{FADCAC21-641C-429F-AC32-114584BBEEAA}.Ad-Hoc|x86.Deploy.0 = Release|x86
		{FADCAC21-641C-429F-AC32-114584BBEEAA}.AppStore|Any CPU.ActiveCfg = Release|Any CPU
		{FADCAC21-641C-429F-AC32-114584BBEEAA}.AppStore|Any CPU.Build.0 = Release|Any CPU
		{FADCAC21-641C-429F-AC32-114584BBEEAA}.AppStore|Any CPU.Deploy.0 = Release|Any CPU
		{FADCAC21-641C-429F-AC32-114584BBEEAA}.AppStore|ARM.ActiveCfg = Release|ARM
		{FADCAC21-641C-429F-AC32-114584BBEEAA}.AppStore|ARM.Build.0 = Release|ARM
		{FADCAC21-641C-429F-AC32-114584BBEEAA}.AppStore|ARM.Deploy.0 = Release|ARM
		{FADCAC21-641C-429F-AC32-114584BBEEAA}.AppStore|iPhone.ActiveCfg = Release|Any CPU
		{FADCAC21-641C-429F-AC32-114584BBEEAA}.AppStore|iPhone.Build.0 = Release|Any CPU
		{FADCAC21-641C-429F-AC32-114584BBEEAA}.AppStore|iPhone.Deploy.0 = Release|Any CPU
		{FADCAC21-641C-429F-AC32-114584BBEEAA}.AppStore|iPhoneSimulator.ActiveCfg = Release|Any CPU
		{FADCAC21-641C-429F-AC32-114584BBEEAA}.AppStore|iPhoneSimulator.Build.0 = Release|Any CPU
		{FADCAC21-641C-429F-AC32-114584BBEEAA}.AppStore|iPhoneSimulator.Deploy.0 = Release|Any CPU
		{FADCAC21-641C-429F-AC32-114584BBEEAA}.AppStore|x64.ActiveCfg = Release|Any CPU
		{FADCAC21-641C-429F-AC32-114584BBEEAA}.AppStore|x64.Build.0 = Release|Any CPU
		{FADCAC21-641C-429F-AC32-114584BBEEAA}.AppStore|x64.Deploy.0 = Release|Any CPU
		{FADCAC21-641C-429F-AC32-114584BBEEAA}.AppStore|x86.ActiveCfg = Release|x86
		{FADCAC21-641C-429F-AC32-114584BBEEAA}.AppStore|x86.Build.0 = Release|x86
		{FADCAC21-641C-429F-AC32-114584BBEEAA}.AppStore|x86.Deploy.0 = Release|x86
		{FADCAC21-641C-429F-AC32-114584BBEEAA}.Debug|Any CPU.ActiveCfg = Debug|Any CPU
		{FADCAC21-641C-429F-AC32-114584BBEEAA}.Debug|Any CPU.Build.0 = Debug|Any CPU
		{FADCAC21-641C-429F-AC32-114584BBEEAA}.Debug|Any CPU.Deploy.0 = Debug|Any CPU
		{FADCAC21-641C-429F-AC32-114584BBEEAA}.Debug|ARM.ActiveCfg = Debug|ARM
		{FADCAC21-641C-429F-AC32-114584BBEEAA}.Debug|ARM.Build.0 = Debug|ARM
		{FADCAC21-641C-429F-AC32-114584BBEEAA}.Debug|ARM.Deploy.0 = Debug|ARM
		{FADCAC21-641C-429F-AC32-114584BBEEAA}.Debug|iPhone.ActiveCfg = Debug|Any CPU
		{FADCAC21-641C-429F-AC32-114584BBEEAA}.Debug|iPhone.Build.0 = Debug|Any CPU
		{FADCAC21-641C-429F-AC32-114584BBEEAA}.Debug|iPhone.Deploy.0 = Debug|Any CPU
		{FADCAC21-641C-429F-AC32-114584BBEEAA}.Debug|iPhoneSimulator.ActiveCfg = Debug|Any CPU
		{FADCAC21-641C-429F-AC32-114584BBEEAA}.Debug|iPhoneSimulator.Build.0 = Debug|Any CPU
		{FADCAC21-641C-429F-AC32-114584BBEEAA}.Debug|iPhoneSimulator.Deploy.0 = Debug|Any CPU
		{FADCAC21-641C-429F-AC32-114584BBEEAA}.Debug|x64.ActiveCfg = Debug|Any CPU
		{FADCAC21-641C-429F-AC32-114584BBEEAA}.Debug|x64.Build.0 = Debug|Any CPU
		{FADCAC21-641C-429F-AC32-114584BBEEAA}.Debug|x64.Deploy.0 = Debug|Any CPU
		{FADCAC21-641C-429F-AC32-114584BBEEAA}.Debug|x86.ActiveCfg = Debug|x86
		{FADCAC21-641C-429F-AC32-114584BBEEAA}.Debug|x86.Build.0 = Debug|x86
		{FADCAC21-641C-429F-AC32-114584BBEEAA}.Debug|x86.Deploy.0 = Debug|x86
		{FADCAC21-641C-429F-AC32-114584BBEEAA}.Release|Any CPU.ActiveCfg = Release|Any CPU
		{FADCAC21-641C-429F-AC32-114584BBEEAA}.Release|Any CPU.Build.0 = Release|Any CPU
		{FADCAC21-641C-429F-AC32-114584BBEEAA}.Release|Any CPU.Deploy.0 = Release|Any CPU
		{FADCAC21-641C-429F-AC32-114584BBEEAA}.Release|ARM.ActiveCfg = Release|ARM
		{FADCAC21-641C-429F-AC32-114584BBEEAA}.Release|ARM.Build.0 = Release|ARM
		{FADCAC21-641C-429F-AC32-114584BBEEAA}.Release|ARM.Deploy.0 = Release|ARM
		{FADCAC21-641C-429F-AC32-114584BBEEAA}.Release|iPhone.ActiveCfg = Release|Any CPU
		{FADCAC21-641C-429F-AC32-114584BBEEAA}.Release|iPhone.Build.0 = Release|Any CPU
		{FADCAC21-641C-429F-AC32-114584BBEEAA}.Release|iPhone.Deploy.0 = Release|Any CPU
		{FADCAC21-641C-429F-AC32-114584BBEEAA}.Release|iPhoneSimulator.ActiveCfg = Release|Any CPU
		{FADCAC21-641C-429F-AC32-114584BBEEAA}.Release|iPhoneSimulator.Build.0 = Release|Any CPU
		{FADCAC21-641C-429F-AC32-114584BBEEAA}.Release|iPhoneSimulator.Deploy.0 = Release|Any CPU
		{FADCAC21-641C-429F-AC32-114584BBEEAA}.Release|x64.ActiveCfg = Release|Any CPU
		{FADCAC21-641C-429F-AC32-114584BBEEAA}.Release|x64.Build.0 = Release|Any CPU
		{FADCAC21-641C-429F-AC32-114584BBEEAA}.Release|x64.Deploy.0 = Release|Any CPU
		{FADCAC21-641C-429F-AC32-114584BBEEAA}.Release|x86.ActiveCfg = Release|x86
		{FADCAC21-641C-429F-AC32-114584BBEEAA}.Release|x86.Build.0 = Release|x86
		{FADCAC21-641C-429F-AC32-114584BBEEAA}.Release|x86.Deploy.0 = Release|x86
		{A681ECBF-AC9C-4173-B9A5-728E48ED9CDE}.Ad-Hoc|Any CPU.ActiveCfg = Release|x86
		{A681ECBF-AC9C-4173-B9A5-728E48ED9CDE}.Ad-Hoc|Any CPU.Build.0 = Release|x86
		{A681ECBF-AC9C-4173-B9A5-728E48ED9CDE}.Ad-Hoc|Any CPU.Deploy.0 = Release|x86
		{A681ECBF-AC9C-4173-B9A5-728E48ED9CDE}.Ad-Hoc|ARM.ActiveCfg = Release|ARM
		{A681ECBF-AC9C-4173-B9A5-728E48ED9CDE}.Ad-Hoc|ARM.Build.0 = Release|ARM
		{A681ECBF-AC9C-4173-B9A5-728E48ED9CDE}.Ad-Hoc|ARM.Deploy.0 = Release|ARM
		{A681ECBF-AC9C-4173-B9A5-728E48ED9CDE}.Ad-Hoc|iPhone.ActiveCfg = Release|x86
		{A681ECBF-AC9C-4173-B9A5-728E48ED9CDE}.Ad-Hoc|iPhone.Build.0 = Release|x86
		{A681ECBF-AC9C-4173-B9A5-728E48ED9CDE}.Ad-Hoc|iPhone.Deploy.0 = Release|x86
		{A681ECBF-AC9C-4173-B9A5-728E48ED9CDE}.Ad-Hoc|iPhoneSimulator.ActiveCfg = Release|x86
		{A681ECBF-AC9C-4173-B9A5-728E48ED9CDE}.Ad-Hoc|iPhoneSimulator.Build.0 = Release|x86
		{A681ECBF-AC9C-4173-B9A5-728E48ED9CDE}.Ad-Hoc|iPhoneSimulator.Deploy.0 = Release|x86
		{A681ECBF-AC9C-4173-B9A5-728E48ED9CDE}.Ad-Hoc|x64.ActiveCfg = Release|x64
		{A681ECBF-AC9C-4173-B9A5-728E48ED9CDE}.Ad-Hoc|x64.Build.0 = Release|x64
		{A681ECBF-AC9C-4173-B9A5-728E48ED9CDE}.Ad-Hoc|x64.Deploy.0 = Release|x64
		{A681ECBF-AC9C-4173-B9A5-728E48ED9CDE}.Ad-Hoc|x86.ActiveCfg = Release|x86
		{A681ECBF-AC9C-4173-B9A5-728E48ED9CDE}.Ad-Hoc|x86.Build.0 = Release|x86
		{A681ECBF-AC9C-4173-B9A5-728E48ED9CDE}.Ad-Hoc|x86.Deploy.0 = Release|x86
		{A681ECBF-AC9C-4173-B9A5-728E48ED9CDE}.AppStore|Any CPU.ActiveCfg = Release|x86
		{A681ECBF-AC9C-4173-B9A5-728E48ED9CDE}.AppStore|Any CPU.Build.0 = Release|x86
		{A681ECBF-AC9C-4173-B9A5-728E48ED9CDE}.AppStore|Any CPU.Deploy.0 = Release|x86
		{A681ECBF-AC9C-4173-B9A5-728E48ED9CDE}.AppStore|ARM.ActiveCfg = Release|ARM
		{A681ECBF-AC9C-4173-B9A5-728E48ED9CDE}.AppStore|ARM.Build.0 = Release|ARM
		{A681ECBF-AC9C-4173-B9A5-728E48ED9CDE}.AppStore|ARM.Deploy.0 = Release|ARM
		{A681ECBF-AC9C-4173-B9A5-728E48ED9CDE}.AppStore|iPhone.ActiveCfg = Release|x86
		{A681ECBF-AC9C-4173-B9A5-728E48ED9CDE}.AppStore|iPhone.Build.0 = Release|x86
		{A681ECBF-AC9C-4173-B9A5-728E48ED9CDE}.AppStore|iPhone.Deploy.0 = Release|x86
		{A681ECBF-AC9C-4173-B9A5-728E48ED9CDE}.AppStore|iPhoneSimulator.ActiveCfg = Release|x86
		{A681ECBF-AC9C-4173-B9A5-728E48ED9CDE}.AppStore|iPhoneSimulator.Build.0 = Release|x86
		{A681ECBF-AC9C-4173-B9A5-728E48ED9CDE}.AppStore|iPhoneSimulator.Deploy.0 = Release|x86
		{A681ECBF-AC9C-4173-B9A5-728E48ED9CDE}.AppStore|x64.ActiveCfg = Release|x64
		{A681ECBF-AC9C-4173-B9A5-728E48ED9CDE}.AppStore|x64.Build.0 = Release|x64
		{A681ECBF-AC9C-4173-B9A5-728E48ED9CDE}.AppStore|x64.Deploy.0 = Release|x64
		{A681ECBF-AC9C-4173-B9A5-728E48ED9CDE}.AppStore|x86.ActiveCfg = Release|x86
		{A681ECBF-AC9C-4173-B9A5-728E48ED9CDE}.AppStore|x86.Build.0 = Release|x86
		{A681ECBF-AC9C-4173-B9A5-728E48ED9CDE}.AppStore|x86.Deploy.0 = Release|x86
		{A681ECBF-AC9C-4173-B9A5-728E48ED9CDE}.Debug|Any CPU.ActiveCfg = Debug|x86
		{A681ECBF-AC9C-4173-B9A5-728E48ED9CDE}.Debug|ARM.ActiveCfg = Debug|ARM
		{A681ECBF-AC9C-4173-B9A5-728E48ED9CDE}.Debug|ARM.Build.0 = Debug|ARM
		{A681ECBF-AC9C-4173-B9A5-728E48ED9CDE}.Debug|ARM.Deploy.0 = Debug|ARM
		{A681ECBF-AC9C-4173-B9A5-728E48ED9CDE}.Debug|iPhone.ActiveCfg = Debug|x86
		{A681ECBF-AC9C-4173-B9A5-728E48ED9CDE}.Debug|iPhoneSimulator.ActiveCfg = Debug|x86
		{A681ECBF-AC9C-4173-B9A5-728E48ED9CDE}.Debug|x64.ActiveCfg = Debug|x64
		{A681ECBF-AC9C-4173-B9A5-728E48ED9CDE}.Debug|x64.Build.0 = Debug|x64
		{A681ECBF-AC9C-4173-B9A5-728E48ED9CDE}.Debug|x64.Deploy.0 = Debug|x64
		{A681ECBF-AC9C-4173-B9A5-728E48ED9CDE}.Debug|x86.ActiveCfg = Debug|x86
		{A681ECBF-AC9C-4173-B9A5-728E48ED9CDE}.Debug|x86.Build.0 = Debug|x86
		{A681ECBF-AC9C-4173-B9A5-728E48ED9CDE}.Debug|x86.Deploy.0 = Debug|x86
		{A681ECBF-AC9C-4173-B9A5-728E48ED9CDE}.Release|Any CPU.ActiveCfg = Release|x86
		{A681ECBF-AC9C-4173-B9A5-728E48ED9CDE}.Release|ARM.ActiveCfg = Release|ARM
		{A681ECBF-AC9C-4173-B9A5-728E48ED9CDE}.Release|ARM.Build.0 = Release|ARM
		{A681ECBF-AC9C-4173-B9A5-728E48ED9CDE}.Release|ARM.Deploy.0 = Release|ARM
		{A681ECBF-AC9C-4173-B9A5-728E48ED9CDE}.Release|iPhone.ActiveCfg = Release|x86
		{A681ECBF-AC9C-4173-B9A5-728E48ED9CDE}.Release|iPhoneSimulator.ActiveCfg = Release|x86
		{A681ECBF-AC9C-4173-B9A5-728E48ED9CDE}.Release|x64.ActiveCfg = Release|x64
		{A681ECBF-AC9C-4173-B9A5-728E48ED9CDE}.Release|x64.Build.0 = Release|x64
		{A681ECBF-AC9C-4173-B9A5-728E48ED9CDE}.Release|x64.Deploy.0 = Release|x64
		{A681ECBF-AC9C-4173-B9A5-728E48ED9CDE}.Release|x86.ActiveCfg = Release|x86
		{A681ECBF-AC9C-4173-B9A5-728E48ED9CDE}.Release|x86.Build.0 = Release|x86
		{A681ECBF-AC9C-4173-B9A5-728E48ED9CDE}.Release|x86.Deploy.0 = Release|x86
		{C410E6C9-A034-46DD-8F65-E7A085817FBB}.Ad-Hoc|Any CPU.ActiveCfg = Release|Any CPU
		{C410E6C9-A034-46DD-8F65-E7A085817FBB}.Ad-Hoc|Any CPU.Build.0 = Release|Any CPU
		{C410E6C9-A034-46DD-8F65-E7A085817FBB}.Ad-Hoc|Any CPU.Deploy.0 = Release|Any CPU
		{C410E6C9-A034-46DD-8F65-E7A085817FBB}.Ad-Hoc|ARM.ActiveCfg = Release|ARM
		{C410E6C9-A034-46DD-8F65-E7A085817FBB}.Ad-Hoc|ARM.Build.0 = Release|ARM
		{C410E6C9-A034-46DD-8F65-E7A085817FBB}.Ad-Hoc|ARM.Deploy.0 = Release|ARM
		{C410E6C9-A034-46DD-8F65-E7A085817FBB}.Ad-Hoc|iPhone.ActiveCfg = Release|Any CPU
		{C410E6C9-A034-46DD-8F65-E7A085817FBB}.Ad-Hoc|iPhone.Build.0 = Release|Any CPU
		{C410E6C9-A034-46DD-8F65-E7A085817FBB}.Ad-Hoc|iPhone.Deploy.0 = Release|Any CPU
		{C410E6C9-A034-46DD-8F65-E7A085817FBB}.Ad-Hoc|iPhoneSimulator.ActiveCfg = Release|Any CPU
		{C410E6C9-A034-46DD-8F65-E7A085817FBB}.Ad-Hoc|iPhoneSimulator.Build.0 = Release|Any CPU
		{C410E6C9-A034-46DD-8F65-E7A085817FBB}.Ad-Hoc|iPhoneSimulator.Deploy.0 = Release|Any CPU
		{C410E6C9-A034-46DD-8F65-E7A085817FBB}.Ad-Hoc|x64.ActiveCfg = Release|x64
		{C410E6C9-A034-46DD-8F65-E7A085817FBB}.Ad-Hoc|x64.Build.0 = Release|x64
		{C410E6C9-A034-46DD-8F65-E7A085817FBB}.Ad-Hoc|x64.Deploy.0 = Release|x64
		{C410E6C9-A034-46DD-8F65-E7A085817FBB}.Ad-Hoc|x86.ActiveCfg = Release|x86
		{C410E6C9-A034-46DD-8F65-E7A085817FBB}.Ad-Hoc|x86.Build.0 = Release|x86
		{C410E6C9-A034-46DD-8F65-E7A085817FBB}.Ad-Hoc|x86.Deploy.0 = Release|x86
		{C410E6C9-A034-46DD-8F65-E7A085817FBB}.AppStore|Any CPU.ActiveCfg = Release|Any CPU
		{C410E6C9-A034-46DD-8F65-E7A085817FBB}.AppStore|Any CPU.Build.0 = Release|Any CPU
		{C410E6C9-A034-46DD-8F65-E7A085817FBB}.AppStore|Any CPU.Deploy.0 = Release|Any CPU
		{C410E6C9-A034-46DD-8F65-E7A085817FBB}.AppStore|ARM.ActiveCfg = Release|ARM
		{C410E6C9-A034-46DD-8F65-E7A085817FBB}.AppStore|ARM.Build.0 = Release|ARM
		{C410E6C9-A034-46DD-8F65-E7A085817FBB}.AppStore|ARM.Deploy.0 = Release|ARM
		{C410E6C9-A034-46DD-8F65-E7A085817FBB}.AppStore|iPhone.ActiveCfg = Release|Any CPU
		{C410E6C9-A034-46DD-8F65-E7A085817FBB}.AppStore|iPhone.Build.0 = Release|Any CPU
		{C410E6C9-A034-46DD-8F65-E7A085817FBB}.AppStore|iPhone.Deploy.0 = Release|Any CPU
		{C410E6C9-A034-46DD-8F65-E7A085817FBB}.AppStore|iPhoneSimulator.ActiveCfg = Release|Any CPU
		{C410E6C9-A034-46DD-8F65-E7A085817FBB}.AppStore|iPhoneSimulator.Build.0 = Release|Any CPU
		{C410E6C9-A034-46DD-8F65-E7A085817FBB}.AppStore|iPhoneSimulator.Deploy.0 = Release|Any CPU
		{C410E6C9-A034-46DD-8F65-E7A085817FBB}.AppStore|x64.ActiveCfg = Release|x64
		{C410E6C9-A034-46DD-8F65-E7A085817FBB}.AppStore|x64.Build.0 = Release|x64
		{C410E6C9-A034-46DD-8F65-E7A085817FBB}.AppStore|x64.Deploy.0 = Release|x64
		{C410E6C9-A034-46DD-8F65-E7A085817FBB}.AppStore|x86.ActiveCfg = Release|x86
		{C410E6C9-A034-46DD-8F65-E7A085817FBB}.AppStore|x86.Build.0 = Release|x86
		{C410E6C9-A034-46DD-8F65-E7A085817FBB}.AppStore|x86.Deploy.0 = Release|x86
		{C410E6C9-A034-46DD-8F65-E7A085817FBB}.Debug|Any CPU.ActiveCfg = Debug|Any CPU
		{C410E6C9-A034-46DD-8F65-E7A085817FBB}.Debug|Any CPU.Build.0 = Debug|Any CPU
		{C410E6C9-A034-46DD-8F65-E7A085817FBB}.Debug|Any CPU.Deploy.0 = Debug|Any CPU
		{C410E6C9-A034-46DD-8F65-E7A085817FBB}.Debug|ARM.ActiveCfg = Debug|ARM
		{C410E6C9-A034-46DD-8F65-E7A085817FBB}.Debug|ARM.Build.0 = Debug|ARM
		{C410E6C9-A034-46DD-8F65-E7A085817FBB}.Debug|ARM.Deploy.0 = Debug|ARM
		{C410E6C9-A034-46DD-8F65-E7A085817FBB}.Debug|iPhone.ActiveCfg = Debug|Any CPU
		{C410E6C9-A034-46DD-8F65-E7A085817FBB}.Debug|iPhone.Build.0 = Debug|Any CPU
		{C410E6C9-A034-46DD-8F65-E7A085817FBB}.Debug|iPhone.Deploy.0 = Debug|Any CPU
		{C410E6C9-A034-46DD-8F65-E7A085817FBB}.Debug|iPhoneSimulator.ActiveCfg = Debug|Any CPU
		{C410E6C9-A034-46DD-8F65-E7A085817FBB}.Debug|iPhoneSimulator.Build.0 = Debug|Any CPU
		{C410E6C9-A034-46DD-8F65-E7A085817FBB}.Debug|iPhoneSimulator.Deploy.0 = Debug|Any CPU
		{C410E6C9-A034-46DD-8F65-E7A085817FBB}.Debug|x64.ActiveCfg = Debug|x64
		{C410E6C9-A034-46DD-8F65-E7A085817FBB}.Debug|x64.Build.0 = Debug|x64
		{C410E6C9-A034-46DD-8F65-E7A085817FBB}.Debug|x64.Deploy.0 = Debug|x64
		{C410E6C9-A034-46DD-8F65-E7A085817FBB}.Debug|x86.ActiveCfg = Debug|x86
		{C410E6C9-A034-46DD-8F65-E7A085817FBB}.Debug|x86.Build.0 = Debug|x86
		{C410E6C9-A034-46DD-8F65-E7A085817FBB}.Debug|x86.Deploy.0 = Debug|x86
		{C410E6C9-A034-46DD-8F65-E7A085817FBB}.Release|Any CPU.ActiveCfg = Release|Any CPU
		{C410E6C9-A034-46DD-8F65-E7A085817FBB}.Release|Any CPU.Build.0 = Release|Any CPU
		{C410E6C9-A034-46DD-8F65-E7A085817FBB}.Release|Any CPU.Deploy.0 = Release|Any CPU
		{C410E6C9-A034-46DD-8F65-E7A085817FBB}.Release|ARM.ActiveCfg = Release|ARM
		{C410E6C9-A034-46DD-8F65-E7A085817FBB}.Release|ARM.Build.0 = Release|ARM
		{C410E6C9-A034-46DD-8F65-E7A085817FBB}.Release|ARM.Deploy.0 = Release|ARM
		{C410E6C9-A034-46DD-8F65-E7A085817FBB}.Release|iPhone.ActiveCfg = Release|Any CPU
		{C410E6C9-A034-46DD-8F65-E7A085817FBB}.Release|iPhone.Build.0 = Release|Any CPU
		{C410E6C9-A034-46DD-8F65-E7A085817FBB}.Release|iPhone.Deploy.0 = Release|Any CPU
		{C410E6C9-A034-46DD-8F65-E7A085817FBB}.Release|iPhoneSimulator.ActiveCfg = Release|Any CPU
		{C410E6C9-A034-46DD-8F65-E7A085817FBB}.Release|iPhoneSimulator.Build.0 = Release|Any CPU
		{C410E6C9-A034-46DD-8F65-E7A085817FBB}.Release|iPhoneSimulator.Deploy.0 = Release|Any CPU
		{C410E6C9-A034-46DD-8F65-E7A085817FBB}.Release|x64.ActiveCfg = Release|x64
		{C410E6C9-A034-46DD-8F65-E7A085817FBB}.Release|x64.Build.0 = Release|x64
		{C410E6C9-A034-46DD-8F65-E7A085817FBB}.Release|x64.Deploy.0 = Release|x64
		{C410E6C9-A034-46DD-8F65-E7A085817FBB}.Release|x86.ActiveCfg = Release|x86
		{C410E6C9-A034-46DD-8F65-E7A085817FBB}.Release|x86.Build.0 = Release|x86
		{C410E6C9-A034-46DD-8F65-E7A085817FBB}.Release|x86.Deploy.0 = Release|x86
		{9623DB56-0AA0-45F8-9D71-80D082D5EEE2}.Ad-Hoc|Any CPU.ActiveCfg = Release|Any CPU
		{9623DB56-0AA0-45F8-9D71-80D082D5EEE2}.Ad-Hoc|Any CPU.Build.0 = Release|Any CPU
		{9623DB56-0AA0-45F8-9D71-80D082D5EEE2}.Ad-Hoc|ARM.ActiveCfg = Release|Any CPU
		{9623DB56-0AA0-45F8-9D71-80D082D5EEE2}.Ad-Hoc|ARM.Build.0 = Release|Any CPU
		{9623DB56-0AA0-45F8-9D71-80D082D5EEE2}.Ad-Hoc|iPhone.ActiveCfg = Release|Any CPU
		{9623DB56-0AA0-45F8-9D71-80D082D5EEE2}.Ad-Hoc|iPhone.Build.0 = Release|Any CPU
		{9623DB56-0AA0-45F8-9D71-80D082D5EEE2}.Ad-Hoc|iPhoneSimulator.ActiveCfg = Release|Any CPU
		{9623DB56-0AA0-45F8-9D71-80D082D5EEE2}.Ad-Hoc|iPhoneSimulator.Build.0 = Release|Any CPU
		{9623DB56-0AA0-45F8-9D71-80D082D5EEE2}.Ad-Hoc|x64.ActiveCfg = Release|Any CPU
		{9623DB56-0AA0-45F8-9D71-80D082D5EEE2}.Ad-Hoc|x64.Build.0 = Release|Any CPU
		{9623DB56-0AA0-45F8-9D71-80D082D5EEE2}.Ad-Hoc|x86.ActiveCfg = Release|Any CPU
		{9623DB56-0AA0-45F8-9D71-80D082D5EEE2}.Ad-Hoc|x86.Build.0 = Release|Any CPU
		{9623DB56-0AA0-45F8-9D71-80D082D5EEE2}.AppStore|Any CPU.ActiveCfg = Release|Any CPU
		{9623DB56-0AA0-45F8-9D71-80D082D5EEE2}.AppStore|Any CPU.Build.0 = Release|Any CPU
		{9623DB56-0AA0-45F8-9D71-80D082D5EEE2}.AppStore|ARM.ActiveCfg = Release|Any CPU
		{9623DB56-0AA0-45F8-9D71-80D082D5EEE2}.AppStore|ARM.Build.0 = Release|Any CPU
		{9623DB56-0AA0-45F8-9D71-80D082D5EEE2}.AppStore|iPhone.ActiveCfg = Release|Any CPU
		{9623DB56-0AA0-45F8-9D71-80D082D5EEE2}.AppStore|iPhone.Build.0 = Release|Any CPU
		{9623DB56-0AA0-45F8-9D71-80D082D5EEE2}.AppStore|iPhoneSimulator.ActiveCfg = Release|Any CPU
		{9623DB56-0AA0-45F8-9D71-80D082D5EEE2}.AppStore|iPhoneSimulator.Build.0 = Release|Any CPU
		{9623DB56-0AA0-45F8-9D71-80D082D5EEE2}.AppStore|x64.ActiveCfg = Release|Any CPU
		{9623DB56-0AA0-45F8-9D71-80D082D5EEE2}.AppStore|x64.Build.0 = Release|Any CPU
		{9623DB56-0AA0-45F8-9D71-80D082D5EEE2}.AppStore|x86.ActiveCfg = Release|Any CPU
		{9623DB56-0AA0-45F8-9D71-80D082D5EEE2}.AppStore|x86.Build.0 = Release|Any CPU
		{9623DB56-0AA0-45F8-9D71-80D082D5EEE2}.Debug|Any CPU.ActiveCfg = Debug|Any CPU
		{9623DB56-0AA0-45F8-9D71-80D082D5EEE2}.Debug|Any CPU.Build.0 = Debug|Any CPU
		{9623DB56-0AA0-45F8-9D71-80D082D5EEE2}.Debug|ARM.ActiveCfg = Debug|Any CPU
		{9623DB56-0AA0-45F8-9D71-80D082D5EEE2}.Debug|ARM.Build.0 = Debug|Any CPU
		{9623DB56-0AA0-45F8-9D71-80D082D5EEE2}.Debug|iPhone.ActiveCfg = Debug|Any CPU
		{9623DB56-0AA0-45F8-9D71-80D082D5EEE2}.Debug|iPhone.Build.0 = Debug|Any CPU
		{9623DB56-0AA0-45F8-9D71-80D082D5EEE2}.Debug|iPhoneSimulator.ActiveCfg = Debug|Any CPU
		{9623DB56-0AA0-45F8-9D71-80D082D5EEE2}.Debug|iPhoneSimulator.Build.0 = Debug|Any CPU
		{9623DB56-0AA0-45F8-9D71-80D082D5EEE2}.Debug|x64.ActiveCfg = Debug|Any CPU
		{9623DB56-0AA0-45F8-9D71-80D082D5EEE2}.Debug|x64.Build.0 = Debug|Any CPU
		{9623DB56-0AA0-45F8-9D71-80D082D5EEE2}.Debug|x86.ActiveCfg = Debug|Any CPU
		{9623DB56-0AA0-45F8-9D71-80D082D5EEE2}.Debug|x86.Build.0 = Debug|Any CPU
		{9623DB56-0AA0-45F8-9D71-80D082D5EEE2}.Release|Any CPU.ActiveCfg = Release|Any CPU
		{9623DB56-0AA0-45F8-9D71-80D082D5EEE2}.Release|Any CPU.Build.0 = Release|Any CPU
		{9623DB56-0AA0-45F8-9D71-80D082D5EEE2}.Release|ARM.ActiveCfg = Release|Any CPU
		{9623DB56-0AA0-45F8-9D71-80D082D5EEE2}.Release|ARM.Build.0 = Release|Any CPU
		{9623DB56-0AA0-45F8-9D71-80D082D5EEE2}.Release|iPhone.ActiveCfg = Release|Any CPU
		{9623DB56-0AA0-45F8-9D71-80D082D5EEE2}.Release|iPhone.Build.0 = Release|Any CPU
		{9623DB56-0AA0-45F8-9D71-80D082D5EEE2}.Release|iPhoneSimulator.ActiveCfg = Release|Any CPU
		{9623DB56-0AA0-45F8-9D71-80D082D5EEE2}.Release|iPhoneSimulator.Build.0 = Release|Any CPU
		{9623DB56-0AA0-45F8-9D71-80D082D5EEE2}.Release|x64.ActiveCfg = Release|Any CPU
		{9623DB56-0AA0-45F8-9D71-80D082D5EEE2}.Release|x64.Build.0 = Release|Any CPU
		{9623DB56-0AA0-45F8-9D71-80D082D5EEE2}.Release|x86.ActiveCfg = Release|Any CPU
		{9623DB56-0AA0-45F8-9D71-80D082D5EEE2}.Release|x86.Build.0 = Release|Any CPU
		{ABE850CD-20F9-45E1-B936-E0AE80B0B839}.Ad-Hoc|Any CPU.ActiveCfg = Release|Any CPU
		{ABE850CD-20F9-45E1-B936-E0AE80B0B839}.Ad-Hoc|Any CPU.Build.0 = Release|Any CPU
		{ABE850CD-20F9-45E1-B936-E0AE80B0B839}.Ad-Hoc|ARM.ActiveCfg = Release|Any CPU
		{ABE850CD-20F9-45E1-B936-E0AE80B0B839}.Ad-Hoc|ARM.Build.0 = Release|Any CPU
		{ABE850CD-20F9-45E1-B936-E0AE80B0B839}.Ad-Hoc|iPhone.ActiveCfg = Release|Any CPU
		{ABE850CD-20F9-45E1-B936-E0AE80B0B839}.Ad-Hoc|iPhone.Build.0 = Release|Any CPU
		{ABE850CD-20F9-45E1-B936-E0AE80B0B839}.Ad-Hoc|iPhoneSimulator.ActiveCfg = Release|Any CPU
		{ABE850CD-20F9-45E1-B936-E0AE80B0B839}.Ad-Hoc|iPhoneSimulator.Build.0 = Release|Any CPU
		{ABE850CD-20F9-45E1-B936-E0AE80B0B839}.Ad-Hoc|x64.ActiveCfg = Release|Any CPU
		{ABE850CD-20F9-45E1-B936-E0AE80B0B839}.Ad-Hoc|x64.Build.0 = Release|Any CPU
		{ABE850CD-20F9-45E1-B936-E0AE80B0B839}.Ad-Hoc|x86.ActiveCfg = Release|Any CPU
		{ABE850CD-20F9-45E1-B936-E0AE80B0B839}.Ad-Hoc|x86.Build.0 = Release|Any CPU
		{ABE850CD-20F9-45E1-B936-E0AE80B0B839}.AppStore|Any CPU.ActiveCfg = Release|Any CPU
		{ABE850CD-20F9-45E1-B936-E0AE80B0B839}.AppStore|Any CPU.Build.0 = Release|Any CPU
		{ABE850CD-20F9-45E1-B936-E0AE80B0B839}.AppStore|ARM.ActiveCfg = Release|Any CPU
		{ABE850CD-20F9-45E1-B936-E0AE80B0B839}.AppStore|ARM.Build.0 = Release|Any CPU
		{ABE850CD-20F9-45E1-B936-E0AE80B0B839}.AppStore|iPhone.ActiveCfg = Release|Any CPU
		{ABE850CD-20F9-45E1-B936-E0AE80B0B839}.AppStore|iPhone.Build.0 = Release|Any CPU
		{ABE850CD-20F9-45E1-B936-E0AE80B0B839}.AppStore|iPhoneSimulator.ActiveCfg = Release|Any CPU
		{ABE850CD-20F9-45E1-B936-E0AE80B0B839}.AppStore|iPhoneSimulator.Build.0 = Release|Any CPU
		{ABE850CD-20F9-45E1-B936-E0AE80B0B839}.AppStore|x64.ActiveCfg = Release|Any CPU
		{ABE850CD-20F9-45E1-B936-E0AE80B0B839}.AppStore|x64.Build.0 = Release|Any CPU
		{ABE850CD-20F9-45E1-B936-E0AE80B0B839}.AppStore|x86.ActiveCfg = Release|Any CPU
		{ABE850CD-20F9-45E1-B936-E0AE80B0B839}.AppStore|x86.Build.0 = Release|Any CPU
		{ABE850CD-20F9-45E1-B936-E0AE80B0B839}.Debug|Any CPU.ActiveCfg = Debug|Any CPU
		{ABE850CD-20F9-45E1-B936-E0AE80B0B839}.Debug|Any CPU.Build.0 = Debug|Any CPU
		{ABE850CD-20F9-45E1-B936-E0AE80B0B839}.Debug|ARM.ActiveCfg = Debug|Any CPU
		{ABE850CD-20F9-45E1-B936-E0AE80B0B839}.Debug|ARM.Build.0 = Debug|Any CPU
		{ABE850CD-20F9-45E1-B936-E0AE80B0B839}.Debug|iPhone.ActiveCfg = Debug|Any CPU
		{ABE850CD-20F9-45E1-B936-E0AE80B0B839}.Debug|iPhone.Build.0 = Debug|Any CPU
		{ABE850CD-20F9-45E1-B936-E0AE80B0B839}.Debug|iPhoneSimulator.ActiveCfg = Debug|Any CPU
		{ABE850CD-20F9-45E1-B936-E0AE80B0B839}.Debug|iPhoneSimulator.Build.0 = Debug|Any CPU
		{ABE850CD-20F9-45E1-B936-E0AE80B0B839}.Debug|x64.ActiveCfg = Debug|Any CPU
		{ABE850CD-20F9-45E1-B936-E0AE80B0B839}.Debug|x64.Build.0 = Debug|Any CPU
		{ABE850CD-20F9-45E1-B936-E0AE80B0B839}.Debug|x86.ActiveCfg = Debug|Any CPU
		{ABE850CD-20F9-45E1-B936-E0AE80B0B839}.Debug|x86.Build.0 = Debug|Any CPU
		{ABE850CD-20F9-45E1-B936-E0AE80B0B839}.Release|Any CPU.ActiveCfg = Release|Any CPU
		{ABE850CD-20F9-45E1-B936-E0AE80B0B839}.Release|Any CPU.Build.0 = Release|Any CPU
		{ABE850CD-20F9-45E1-B936-E0AE80B0B839}.Release|ARM.ActiveCfg = Release|Any CPU
		{ABE850CD-20F9-45E1-B936-E0AE80B0B839}.Release|ARM.Build.0 = Release|Any CPU
		{ABE850CD-20F9-45E1-B936-E0AE80B0B839}.Release|iPhone.ActiveCfg = Release|Any CPU
		{ABE850CD-20F9-45E1-B936-E0AE80B0B839}.Release|iPhone.Build.0 = Release|Any CPU
		{ABE850CD-20F9-45E1-B936-E0AE80B0B839}.Release|iPhoneSimulator.ActiveCfg = Release|Any CPU
		{ABE850CD-20F9-45E1-B936-E0AE80B0B839}.Release|iPhoneSimulator.Build.0 = Release|Any CPU
		{ABE850CD-20F9-45E1-B936-E0AE80B0B839}.Release|x64.ActiveCfg = Release|Any CPU
		{ABE850CD-20F9-45E1-B936-E0AE80B0B839}.Release|x64.Build.0 = Release|Any CPU
		{ABE850CD-20F9-45E1-B936-E0AE80B0B839}.Release|x86.ActiveCfg = Release|Any CPU
		{ABE850CD-20F9-45E1-B936-E0AE80B0B839}.Release|x86.Build.0 = Release|Any CPU
		{A4208D09-17FD-4455-8CC3-7AAD73C483CD}.Ad-Hoc|Any CPU.ActiveCfg = Release|Any CPU
		{A4208D09-17FD-4455-8CC3-7AAD73C483CD}.Ad-Hoc|Any CPU.Build.0 = Release|Any CPU
		{A4208D09-17FD-4455-8CC3-7AAD73C483CD}.Ad-Hoc|ARM.ActiveCfg = Release|Any CPU
		{A4208D09-17FD-4455-8CC3-7AAD73C483CD}.Ad-Hoc|ARM.Build.0 = Release|Any CPU
		{A4208D09-17FD-4455-8CC3-7AAD73C483CD}.Ad-Hoc|iPhone.ActiveCfg = Release|Any CPU
		{A4208D09-17FD-4455-8CC3-7AAD73C483CD}.Ad-Hoc|iPhone.Build.0 = Release|Any CPU
		{A4208D09-17FD-4455-8CC3-7AAD73C483CD}.Ad-Hoc|iPhoneSimulator.ActiveCfg = Release|Any CPU
		{A4208D09-17FD-4455-8CC3-7AAD73C483CD}.Ad-Hoc|iPhoneSimulator.Build.0 = Release|Any CPU
		{A4208D09-17FD-4455-8CC3-7AAD73C483CD}.Ad-Hoc|x64.ActiveCfg = Release|Any CPU
		{A4208D09-17FD-4455-8CC3-7AAD73C483CD}.Ad-Hoc|x64.Build.0 = Release|Any CPU
		{A4208D09-17FD-4455-8CC3-7AAD73C483CD}.Ad-Hoc|x86.ActiveCfg = Release|Any CPU
		{A4208D09-17FD-4455-8CC3-7AAD73C483CD}.Ad-Hoc|x86.Build.0 = Release|Any CPU
		{A4208D09-17FD-4455-8CC3-7AAD73C483CD}.AppStore|Any CPU.ActiveCfg = Release|Any CPU
		{A4208D09-17FD-4455-8CC3-7AAD73C483CD}.AppStore|Any CPU.Build.0 = Release|Any CPU
		{A4208D09-17FD-4455-8CC3-7AAD73C483CD}.AppStore|ARM.ActiveCfg = Release|Any CPU
		{A4208D09-17FD-4455-8CC3-7AAD73C483CD}.AppStore|ARM.Build.0 = Release|Any CPU
		{A4208D09-17FD-4455-8CC3-7AAD73C483CD}.AppStore|iPhone.ActiveCfg = Release|Any CPU
		{A4208D09-17FD-4455-8CC3-7AAD73C483CD}.AppStore|iPhone.Build.0 = Release|Any CPU
		{A4208D09-17FD-4455-8CC3-7AAD73C483CD}.AppStore|iPhoneSimulator.ActiveCfg = Release|Any CPU
		{A4208D09-17FD-4455-8CC3-7AAD73C483CD}.AppStore|iPhoneSimulator.Build.0 = Release|Any CPU
		{A4208D09-17FD-4455-8CC3-7AAD73C483CD}.AppStore|x64.ActiveCfg = Release|Any CPU
		{A4208D09-17FD-4455-8CC3-7AAD73C483CD}.AppStore|x64.Build.0 = Release|Any CPU
		{A4208D09-17FD-4455-8CC3-7AAD73C483CD}.AppStore|x86.ActiveCfg = Release|Any CPU
		{A4208D09-17FD-4455-8CC3-7AAD73C483CD}.AppStore|x86.Build.0 = Release|Any CPU
		{A4208D09-17FD-4455-8CC3-7AAD73C483CD}.Debug|Any CPU.ActiveCfg = Debug|Any CPU
		{A4208D09-17FD-4455-8CC3-7AAD73C483CD}.Debug|Any CPU.Build.0 = Debug|Any CPU
		{A4208D09-17FD-4455-8CC3-7AAD73C483CD}.Debug|ARM.ActiveCfg = Debug|Any CPU
		{A4208D09-17FD-4455-8CC3-7AAD73C483CD}.Debug|ARM.Build.0 = Debug|Any CPU
		{A4208D09-17FD-4455-8CC3-7AAD73C483CD}.Debug|iPhone.ActiveCfg = Debug|Any CPU
		{A4208D09-17FD-4455-8CC3-7AAD73C483CD}.Debug|iPhone.Build.0 = Debug|Any CPU
		{A4208D09-17FD-4455-8CC3-7AAD73C483CD}.Debug|iPhoneSimulator.ActiveCfg = Debug|Any CPU
		{A4208D09-17FD-4455-8CC3-7AAD73C483CD}.Debug|iPhoneSimulator.Build.0 = Debug|Any CPU
		{A4208D09-17FD-4455-8CC3-7AAD73C483CD}.Debug|x64.ActiveCfg = Debug|Any CPU
		{A4208D09-17FD-4455-8CC3-7AAD73C483CD}.Debug|x64.Build.0 = Debug|Any CPU
		{A4208D09-17FD-4455-8CC3-7AAD73C483CD}.Debug|x86.ActiveCfg = Debug|Any CPU
		{A4208D09-17FD-4455-8CC3-7AAD73C483CD}.Debug|x86.Build.0 = Debug|Any CPU
		{A4208D09-17FD-4455-8CC3-7AAD73C483CD}.Release|Any CPU.ActiveCfg = Release|Any CPU
		{A4208D09-17FD-4455-8CC3-7AAD73C483CD}.Release|Any CPU.Build.0 = Release|Any CPU
		{A4208D09-17FD-4455-8CC3-7AAD73C483CD}.Release|ARM.ActiveCfg = Release|Any CPU
		{A4208D09-17FD-4455-8CC3-7AAD73C483CD}.Release|ARM.Build.0 = Release|Any CPU
		{A4208D09-17FD-4455-8CC3-7AAD73C483CD}.Release|iPhone.ActiveCfg = Release|Any CPU
		{A4208D09-17FD-4455-8CC3-7AAD73C483CD}.Release|iPhone.Build.0 = Release|Any CPU
		{A4208D09-17FD-4455-8CC3-7AAD73C483CD}.Release|iPhoneSimulator.ActiveCfg = Release|Any CPU
		{A4208D09-17FD-4455-8CC3-7AAD73C483CD}.Release|iPhoneSimulator.Build.0 = Release|Any CPU
		{A4208D09-17FD-4455-8CC3-7AAD73C483CD}.Release|x64.ActiveCfg = Release|Any CPU
		{A4208D09-17FD-4455-8CC3-7AAD73C483CD}.Release|x64.Build.0 = Release|Any CPU
		{A4208D09-17FD-4455-8CC3-7AAD73C483CD}.Release|x86.ActiveCfg = Release|Any CPU
		{A4208D09-17FD-4455-8CC3-7AAD73C483CD}.Release|x86.Build.0 = Release|Any CPU
		{9FA02662-F5AC-4986-BD06-85D677BF442B}.Ad-Hoc|Any CPU.ActiveCfg = Release|Any CPU
		{9FA02662-F5AC-4986-BD06-85D677BF442B}.Ad-Hoc|Any CPU.Build.0 = Release|Any CPU
		{9FA02662-F5AC-4986-BD06-85D677BF442B}.Ad-Hoc|ARM.ActiveCfg = Release|Any CPU
		{9FA02662-F5AC-4986-BD06-85D677BF442B}.Ad-Hoc|ARM.Build.0 = Release|Any CPU
		{9FA02662-F5AC-4986-BD06-85D677BF442B}.Ad-Hoc|iPhone.ActiveCfg = Release|Any CPU
		{9FA02662-F5AC-4986-BD06-85D677BF442B}.Ad-Hoc|iPhone.Build.0 = Release|Any CPU
		{9FA02662-F5AC-4986-BD06-85D677BF442B}.Ad-Hoc|iPhoneSimulator.ActiveCfg = Release|Any CPU
		{9FA02662-F5AC-4986-BD06-85D677BF442B}.Ad-Hoc|iPhoneSimulator.Build.0 = Release|Any CPU
		{9FA02662-F5AC-4986-BD06-85D677BF442B}.Ad-Hoc|x64.ActiveCfg = Release|Any CPU
		{9FA02662-F5AC-4986-BD06-85D677BF442B}.Ad-Hoc|x64.Build.0 = Release|Any CPU
		{9FA02662-F5AC-4986-BD06-85D677BF442B}.Ad-Hoc|x86.ActiveCfg = Release|Any CPU
		{9FA02662-F5AC-4986-BD06-85D677BF442B}.Ad-Hoc|x86.Build.0 = Release|Any CPU
		{9FA02662-F5AC-4986-BD06-85D677BF442B}.AppStore|Any CPU.ActiveCfg = Release|Any CPU
		{9FA02662-F5AC-4986-BD06-85D677BF442B}.AppStore|Any CPU.Build.0 = Release|Any CPU
		{9FA02662-F5AC-4986-BD06-85D677BF442B}.AppStore|ARM.ActiveCfg = Release|Any CPU
		{9FA02662-F5AC-4986-BD06-85D677BF442B}.AppStore|ARM.Build.0 = Release|Any CPU
		{9FA02662-F5AC-4986-BD06-85D677BF442B}.AppStore|iPhone.ActiveCfg = Release|Any CPU
		{9FA02662-F5AC-4986-BD06-85D677BF442B}.AppStore|iPhone.Build.0 = Release|Any CPU
		{9FA02662-F5AC-4986-BD06-85D677BF442B}.AppStore|iPhoneSimulator.ActiveCfg = Release|Any CPU
		{9FA02662-F5AC-4986-BD06-85D677BF442B}.AppStore|iPhoneSimulator.Build.0 = Release|Any CPU
		{9FA02662-F5AC-4986-BD06-85D677BF442B}.AppStore|x64.ActiveCfg = Release|Any CPU
		{9FA02662-F5AC-4986-BD06-85D677BF442B}.AppStore|x64.Build.0 = Release|Any CPU
		{9FA02662-F5AC-4986-BD06-85D677BF442B}.AppStore|x86.ActiveCfg = Release|Any CPU
		{9FA02662-F5AC-4986-BD06-85D677BF442B}.AppStore|x86.Build.0 = Release|Any CPU
		{9FA02662-F5AC-4986-BD06-85D677BF442B}.Debug|Any CPU.ActiveCfg = Debug|Any CPU
		{9FA02662-F5AC-4986-BD06-85D677BF442B}.Debug|Any CPU.Build.0 = Debug|Any CPU
		{9FA02662-F5AC-4986-BD06-85D677BF442B}.Debug|ARM.ActiveCfg = Debug|Any CPU
		{9FA02662-F5AC-4986-BD06-85D677BF442B}.Debug|ARM.Build.0 = Debug|Any CPU
		{9FA02662-F5AC-4986-BD06-85D677BF442B}.Debug|iPhone.ActiveCfg = Debug|Any CPU
		{9FA02662-F5AC-4986-BD06-85D677BF442B}.Debug|iPhone.Build.0 = Debug|Any CPU
		{9FA02662-F5AC-4986-BD06-85D677BF442B}.Debug|iPhoneSimulator.ActiveCfg = Debug|Any CPU
		{9FA02662-F5AC-4986-BD06-85D677BF442B}.Debug|iPhoneSimulator.Build.0 = Debug|Any CPU
		{9FA02662-F5AC-4986-BD06-85D677BF442B}.Debug|x64.ActiveCfg = Debug|Any CPU
		{9FA02662-F5AC-4986-BD06-85D677BF442B}.Debug|x64.Build.0 = Debug|Any CPU
		{9FA02662-F5AC-4986-BD06-85D677BF442B}.Debug|x86.ActiveCfg = Debug|Any CPU
		{9FA02662-F5AC-4986-BD06-85D677BF442B}.Debug|x86.Build.0 = Debug|Any CPU
		{9FA02662-F5AC-4986-BD06-85D677BF442B}.Release|Any CPU.ActiveCfg = Release|Any CPU
		{9FA02662-F5AC-4986-BD06-85D677BF442B}.Release|Any CPU.Build.0 = Release|Any CPU
		{9FA02662-F5AC-4986-BD06-85D677BF442B}.Release|ARM.ActiveCfg = Release|Any CPU
		{9FA02662-F5AC-4986-BD06-85D677BF442B}.Release|ARM.Build.0 = Release|Any CPU
		{9FA02662-F5AC-4986-BD06-85D677BF442B}.Release|iPhone.ActiveCfg = Release|Any CPU
		{9FA02662-F5AC-4986-BD06-85D677BF442B}.Release|iPhone.Build.0 = Release|Any CPU
		{9FA02662-F5AC-4986-BD06-85D677BF442B}.Release|iPhoneSimulator.ActiveCfg = Release|Any CPU
		{9FA02662-F5AC-4986-BD06-85D677BF442B}.Release|iPhoneSimulator.Build.0 = Release|Any CPU
		{9FA02662-F5AC-4986-BD06-85D677BF442B}.Release|x64.ActiveCfg = Release|Any CPU
		{9FA02662-F5AC-4986-BD06-85D677BF442B}.Release|x64.Build.0 = Release|Any CPU
		{9FA02662-F5AC-4986-BD06-85D677BF442B}.Release|x86.ActiveCfg = Release|Any CPU
		{9FA02662-F5AC-4986-BD06-85D677BF442B}.Release|x86.Build.0 = Release|Any CPU
		{067456C0-086C-46A8-B37F-1405717B7BFC}.Ad-Hoc|Any CPU.ActiveCfg = Release|Any CPU
		{067456C0-086C-46A8-B37F-1405717B7BFC}.Ad-Hoc|Any CPU.Build.0 = Release|Any CPU
		{067456C0-086C-46A8-B37F-1405717B7BFC}.Ad-Hoc|ARM.ActiveCfg = Release|Any CPU
		{067456C0-086C-46A8-B37F-1405717B7BFC}.Ad-Hoc|ARM.Build.0 = Release|Any CPU
		{067456C0-086C-46A8-B37F-1405717B7BFC}.Ad-Hoc|iPhone.ActiveCfg = Release|Any CPU
		{067456C0-086C-46A8-B37F-1405717B7BFC}.Ad-Hoc|iPhone.Build.0 = Release|Any CPU
		{067456C0-086C-46A8-B37F-1405717B7BFC}.Ad-Hoc|iPhoneSimulator.ActiveCfg = Release|Any CPU
		{067456C0-086C-46A8-B37F-1405717B7BFC}.Ad-Hoc|iPhoneSimulator.Build.0 = Release|Any CPU
		{067456C0-086C-46A8-B37F-1405717B7BFC}.Ad-Hoc|x64.ActiveCfg = Release|Any CPU
		{067456C0-086C-46A8-B37F-1405717B7BFC}.Ad-Hoc|x64.Build.0 = Release|Any CPU
		{067456C0-086C-46A8-B37F-1405717B7BFC}.Ad-Hoc|x86.ActiveCfg = Release|Any CPU
		{067456C0-086C-46A8-B37F-1405717B7BFC}.Ad-Hoc|x86.Build.0 = Release|Any CPU
		{067456C0-086C-46A8-B37F-1405717B7BFC}.AppStore|Any CPU.ActiveCfg = Release|Any CPU
		{067456C0-086C-46A8-B37F-1405717B7BFC}.AppStore|Any CPU.Build.0 = Release|Any CPU
		{067456C0-086C-46A8-B37F-1405717B7BFC}.AppStore|ARM.ActiveCfg = Release|Any CPU
		{067456C0-086C-46A8-B37F-1405717B7BFC}.AppStore|ARM.Build.0 = Release|Any CPU
		{067456C0-086C-46A8-B37F-1405717B7BFC}.AppStore|iPhone.ActiveCfg = Release|Any CPU
		{067456C0-086C-46A8-B37F-1405717B7BFC}.AppStore|iPhone.Build.0 = Release|Any CPU
		{067456C0-086C-46A8-B37F-1405717B7BFC}.AppStore|iPhoneSimulator.ActiveCfg = Release|Any CPU
		{067456C0-086C-46A8-B37F-1405717B7BFC}.AppStore|iPhoneSimulator.Build.0 = Release|Any CPU
		{067456C0-086C-46A8-B37F-1405717B7BFC}.AppStore|x64.ActiveCfg = Release|Any CPU
		{067456C0-086C-46A8-B37F-1405717B7BFC}.AppStore|x64.Build.0 = Release|Any CPU
		{067456C0-086C-46A8-B37F-1405717B7BFC}.AppStore|x86.ActiveCfg = Release|Any CPU
		{067456C0-086C-46A8-B37F-1405717B7BFC}.AppStore|x86.Build.0 = Release|Any CPU
		{067456C0-086C-46A8-B37F-1405717B7BFC}.Debug|Any CPU.ActiveCfg = Debug|Any CPU
		{067456C0-086C-46A8-B37F-1405717B7BFC}.Debug|Any CPU.Build.0 = Debug|Any CPU
		{067456C0-086C-46A8-B37F-1405717B7BFC}.Debug|ARM.ActiveCfg = Debug|Any CPU
		{067456C0-086C-46A8-B37F-1405717B7BFC}.Debug|ARM.Build.0 = Debug|Any CPU
		{067456C0-086C-46A8-B37F-1405717B7BFC}.Debug|iPhone.ActiveCfg = Debug|Any CPU
		{067456C0-086C-46A8-B37F-1405717B7BFC}.Debug|iPhone.Build.0 = Debug|Any CPU
		{067456C0-086C-46A8-B37F-1405717B7BFC}.Debug|iPhoneSimulator.ActiveCfg = Debug|Any CPU
		{067456C0-086C-46A8-B37F-1405717B7BFC}.Debug|iPhoneSimulator.Build.0 = Debug|Any CPU
		{067456C0-086C-46A8-B37F-1405717B7BFC}.Debug|x64.ActiveCfg = Debug|Any CPU
		{067456C0-086C-46A8-B37F-1405717B7BFC}.Debug|x64.Build.0 = Debug|Any CPU
		{067456C0-086C-46A8-B37F-1405717B7BFC}.Debug|x86.ActiveCfg = Debug|Any CPU
		{067456C0-086C-46A8-B37F-1405717B7BFC}.Debug|x86.Build.0 = Debug|Any CPU
		{067456C0-086C-46A8-B37F-1405717B7BFC}.Release|Any CPU.ActiveCfg = Release|Any CPU
		{067456C0-086C-46A8-B37F-1405717B7BFC}.Release|Any CPU.Build.0 = Release|Any CPU
		{067456C0-086C-46A8-B37F-1405717B7BFC}.Release|ARM.ActiveCfg = Release|Any CPU
		{067456C0-086C-46A8-B37F-1405717B7BFC}.Release|ARM.Build.0 = Release|Any CPU
		{067456C0-086C-46A8-B37F-1405717B7BFC}.Release|iPhone.ActiveCfg = Release|Any CPU
		{067456C0-086C-46A8-B37F-1405717B7BFC}.Release|iPhone.Build.0 = Release|Any CPU
		{067456C0-086C-46A8-B37F-1405717B7BFC}.Release|iPhoneSimulator.ActiveCfg = Release|Any CPU
		{067456C0-086C-46A8-B37F-1405717B7BFC}.Release|iPhoneSimulator.Build.0 = Release|Any CPU
		{067456C0-086C-46A8-B37F-1405717B7BFC}.Release|x64.ActiveCfg = Release|Any CPU
		{067456C0-086C-46A8-B37F-1405717B7BFC}.Release|x64.Build.0 = Release|Any CPU
		{067456C0-086C-46A8-B37F-1405717B7BFC}.Release|x86.ActiveCfg = Release|Any CPU
		{067456C0-086C-46A8-B37F-1405717B7BFC}.Release|x86.Build.0 = Release|Any CPU
		{84198CB6-7CBF-418A-B023-B0CEC6610BC3}.Ad-Hoc|Any CPU.ActiveCfg = Release|Any CPU
		{84198CB6-7CBF-418A-B023-B0CEC6610BC3}.Ad-Hoc|Any CPU.Build.0 = Release|Any CPU
		{84198CB6-7CBF-418A-B023-B0CEC6610BC3}.Ad-Hoc|ARM.ActiveCfg = Release|Any CPU
		{84198CB6-7CBF-418A-B023-B0CEC6610BC3}.Ad-Hoc|ARM.Build.0 = Release|Any CPU
		{84198CB6-7CBF-418A-B023-B0CEC6610BC3}.Ad-Hoc|iPhone.ActiveCfg = Release|Any CPU
		{84198CB6-7CBF-418A-B023-B0CEC6610BC3}.Ad-Hoc|iPhone.Build.0 = Release|Any CPU
		{84198CB6-7CBF-418A-B023-B0CEC6610BC3}.Ad-Hoc|iPhoneSimulator.ActiveCfg = Release|Any CPU
		{84198CB6-7CBF-418A-B023-B0CEC6610BC3}.Ad-Hoc|iPhoneSimulator.Build.0 = Release|Any CPU
		{84198CB6-7CBF-418A-B023-B0CEC6610BC3}.Ad-Hoc|x64.ActiveCfg = Release|Any CPU
		{84198CB6-7CBF-418A-B023-B0CEC6610BC3}.Ad-Hoc|x64.Build.0 = Release|Any CPU
		{84198CB6-7CBF-418A-B023-B0CEC6610BC3}.Ad-Hoc|x86.ActiveCfg = Release|Any CPU
		{84198CB6-7CBF-418A-B023-B0CEC6610BC3}.Ad-Hoc|x86.Build.0 = Release|Any CPU
		{84198CB6-7CBF-418A-B023-B0CEC6610BC3}.AppStore|Any CPU.ActiveCfg = Release|Any CPU
		{84198CB6-7CBF-418A-B023-B0CEC6610BC3}.AppStore|Any CPU.Build.0 = Release|Any CPU
		{84198CB6-7CBF-418A-B023-B0CEC6610BC3}.AppStore|ARM.ActiveCfg = Release|Any CPU
		{84198CB6-7CBF-418A-B023-B0CEC6610BC3}.AppStore|ARM.Build.0 = Release|Any CPU
		{84198CB6-7CBF-418A-B023-B0CEC6610BC3}.AppStore|iPhone.ActiveCfg = Release|Any CPU
		{84198CB6-7CBF-418A-B023-B0CEC6610BC3}.AppStore|iPhone.Build.0 = Release|Any CPU
		{84198CB6-7CBF-418A-B023-B0CEC6610BC3}.AppStore|iPhoneSimulator.ActiveCfg = Release|Any CPU
		{84198CB6-7CBF-418A-B023-B0CEC6610BC3}.AppStore|iPhoneSimulator.Build.0 = Release|Any CPU
		{84198CB6-7CBF-418A-B023-B0CEC6610BC3}.AppStore|x64.ActiveCfg = Release|Any CPU
		{84198CB6-7CBF-418A-B023-B0CEC6610BC3}.AppStore|x64.Build.0 = Release|Any CPU
		{84198CB6-7CBF-418A-B023-B0CEC6610BC3}.AppStore|x86.ActiveCfg = Release|Any CPU
		{84198CB6-7CBF-418A-B023-B0CEC6610BC3}.AppStore|x86.Build.0 = Release|Any CPU
		{84198CB6-7CBF-418A-B023-B0CEC6610BC3}.Debug|Any CPU.ActiveCfg = Debug|Any CPU
		{84198CB6-7CBF-418A-B023-B0CEC6610BC3}.Debug|Any CPU.Build.0 = Debug|Any CPU
		{84198CB6-7CBF-418A-B023-B0CEC6610BC3}.Debug|ARM.ActiveCfg = Debug|Any CPU
		{84198CB6-7CBF-418A-B023-B0CEC6610BC3}.Debug|ARM.Build.0 = Debug|Any CPU
		{84198CB6-7CBF-418A-B023-B0CEC6610BC3}.Debug|iPhone.ActiveCfg = Debug|Any CPU
		{84198CB6-7CBF-418A-B023-B0CEC6610BC3}.Debug|iPhone.Build.0 = Debug|Any CPU
		{84198CB6-7CBF-418A-B023-B0CEC6610BC3}.Debug|iPhoneSimulator.ActiveCfg = Debug|Any CPU
		{84198CB6-7CBF-418A-B023-B0CEC6610BC3}.Debug|iPhoneSimulator.Build.0 = Debug|Any CPU
		{84198CB6-7CBF-418A-B023-B0CEC6610BC3}.Debug|x64.ActiveCfg = Debug|Any CPU
		{84198CB6-7CBF-418A-B023-B0CEC6610BC3}.Debug|x64.Build.0 = Debug|Any CPU
		{84198CB6-7CBF-418A-B023-B0CEC6610BC3}.Debug|x86.ActiveCfg = Debug|Any CPU
		{84198CB6-7CBF-418A-B023-B0CEC6610BC3}.Debug|x86.Build.0 = Debug|Any CPU
		{84198CB6-7CBF-418A-B023-B0CEC6610BC3}.Release|Any CPU.ActiveCfg = Release|Any CPU
		{84198CB6-7CBF-418A-B023-B0CEC6610BC3}.Release|Any CPU.Build.0 = Release|Any CPU
		{84198CB6-7CBF-418A-B023-B0CEC6610BC3}.Release|ARM.ActiveCfg = Release|Any CPU
		{84198CB6-7CBF-418A-B023-B0CEC6610BC3}.Release|ARM.Build.0 = Release|Any CPU
		{84198CB6-7CBF-418A-B023-B0CEC6610BC3}.Release|iPhone.ActiveCfg = Release|Any CPU
		{84198CB6-7CBF-418A-B023-B0CEC6610BC3}.Release|iPhone.Build.0 = Release|Any CPU
		{84198CB6-7CBF-418A-B023-B0CEC6610BC3}.Release|iPhoneSimulator.ActiveCfg = Release|Any CPU
		{84198CB6-7CBF-418A-B023-B0CEC6610BC3}.Release|iPhoneSimulator.Build.0 = Release|Any CPU
		{84198CB6-7CBF-418A-B023-B0CEC6610BC3}.Release|x64.ActiveCfg = Release|Any CPU
		{84198CB6-7CBF-418A-B023-B0CEC6610BC3}.Release|x64.Build.0 = Release|Any CPU
		{84198CB6-7CBF-418A-B023-B0CEC6610BC3}.Release|x86.ActiveCfg = Release|Any CPU
		{84198CB6-7CBF-418A-B023-B0CEC6610BC3}.Release|x86.Build.0 = Release|Any CPU
	EndGlobalSection
	GlobalSection(SolutionProperties) = preSolution
		HideSolutionNode = FALSE
	EndGlobalSection
	GlobalSection(NestedProjects) = preSolution
		{4212595C-3299-4E79-B2A2-3CE47586FAD5} = {D2FD7833-161F-47FB-A48B-AAC4D57B7B4B}
		{8006EE01-7276-4030-AC0A-49A79B84AA53} = {D2FD7833-161F-47FB-A48B-AAC4D57B7B4B}
		{FADCAC21-641C-429F-AC32-114584BBEEAA} = {D2FD7833-161F-47FB-A48B-AAC4D57B7B4B}
		{A681ECBF-AC9C-4173-B9A5-728E48ED9CDE} = {D2FD7833-161F-47FB-A48B-AAC4D57B7B4B}
		{C410E6C9-A034-46DD-8F65-E7A085817FBB} = {D2FD7833-161F-47FB-A48B-AAC4D57B7B4B}
		{9623DB56-0AA0-45F8-9D71-80D082D5EEE2} = {D2FD7833-161F-47FB-A48B-AAC4D57B7B4B}
		{ABE850CD-20F9-45E1-B936-E0AE80B0B839} = {CDB2FD9A-02C5-4F4E-8DA1-5CAB95AFC3B3}
		{A4208D09-17FD-4455-8CC3-7AAD73C483CD} = {EA6DDE08-F5F0-42E8-8AF7-7EBA859EC121}
		{9FA02662-F5AC-4986-BD06-85D677BF442B} = {EA6DDE08-F5F0-42E8-8AF7-7EBA859EC121}
		{067456C0-086C-46A8-B37F-1405717B7BFC} = {443C58E2-551B-4A79-88D5-6F521B932DB6}
		{84198CB6-7CBF-418A-B023-B0CEC6610BC3} = {DF4CCD94-A49B-4526-8DB3-6585943C4CE1}
	EndGlobalSection
EndGlobal
