
Microsoft Visual Studio Solution File, Format Version 12.00
# Visual Studio 14
VisualStudioVersion = 14.0.25123.0
MinimumVisualStudioVersion = 10.0.40219.1
Project("{FAE04EC0-301F-11D3-BF4B-00C04F79EFBC}") = "DataPageTetst.Droid", "DataPageTetst\DataPageTetst.Droid\DataPageTetst.Droid.csproj", "{7FA216A2-5090-4EA1-BBA9-58697BABDFDF}"
EndProject
Project("{FAE04EC0-301F-11D3-BF4B-00C04F79EFBC}") = "DataPageTetst.iOS", "DataPageTetst\DataPageTetst.iOS\DataPageTetst.iOS.csproj", "{6A62A2A1-0FC1-4B28-A276-904FAABA3856}"
EndProject
Project("{FAE04EC0-301F-11D3-BF4B-00C04F79EFBC}") = "DataPageTetst.WinPhone", "DataPageTetst\DataPageTetst.WinPhone\DataPageTetst.WinPhone.csproj", "{668DEAB0-8F83-46D1-AE6F-9F3C9EB4DBC6}"
EndProject
Project("{FAE04EC0-301F-11D3-BF4B-00C04F79EFBC}") = "DataPageTetst.UWP", "DataPageTetst\DataPageTetst.UWP\DataPageTetst.UWP.csproj", "{ED1FA6B2-E3FC-487A-8EA2-53462B6C4228}"
EndProject
Project("{FAE04EC0-301F-11D3-BF4B-00C04F79EFBC}") = "DataPageTetst.Windows", "DataPageTetst\DataPageTetst.Windows\DataPageTetst.Windows.csproj", "{4F647F2C-FCBE-4FD9-9FBB-FB3624F1A89F}"
EndProject
Project("{FAE04EC0-301F-11D3-BF4B-00C04F79EFBC}") = "DataPageTetst", "DataPageTetst\DataPageTetst\DataPageTetst.csproj", "{7B0EBC62-9C0C-47B3-B2B8-A5F734133A23}"
EndProject
Global
	GlobalSection(SolutionConfigurationPlatforms) = preSolution
		Ad-Hoc|Any CPU = Ad-Hoc|Any CPU
		Ad-Hoc|ARM = Ad-Hoc|ARM
		Ad-Hoc|iPhone = Ad-Hoc|iPhone
		Ad-Hoc|iPhoneSimulator = Ad-Hoc|iPhoneSimulator
		Ad-Hoc|x64 = Ad-Hoc|x64
		Ad-Hoc|x86 = Ad-Hoc|x86
		AppStore|Any CPU = AppStore|Any CPU
		AppStore|ARM = AppStore|ARM
		AppStore|iPhone = AppStore|iPhone
		AppStore|iPhoneSimulator = AppStore|iPhoneSimulator
		AppStore|x64 = AppStore|x64
		AppStore|x86 = AppStore|x86
		Debug|Any CPU = Debug|Any CPU
		Debug|ARM = Debug|ARM
		Debug|iPhone = Debug|iPhone
		Debug|iPhoneSimulator = Debug|iPhoneSimulator
		Debug|x64 = Debug|x64
		Debug|x86 = Debug|x86
		Release|Any CPU = Release|Any CPU
		Release|ARM = Release|ARM
		Release|iPhone = Release|iPhone
		Release|iPhoneSimulator = Release|iPhoneSimulator
		Release|x64 = Release|x64
		Release|x86 = Release|x86
	EndGlobalSection
	GlobalSection(ProjectConfigurationPlatforms) = postSolution
		{7FA216A2-5090-4EA1-BBA9-58697BABDFDF}.Ad-Hoc|Any CPU.ActiveCfg = Release|Any CPU
		{7FA216A2-5090-4EA1-BBA9-58697BABDFDF}.Ad-Hoc|Any CPU.Build.0 = Release|Any CPU
		{7FA216A2-5090-4EA1-BBA9-58697BABDFDF}.Ad-Hoc|Any CPU.Deploy.0 = Release|Any CPU
		{7FA216A2-5090-4EA1-BBA9-58697BABDFDF}.Ad-Hoc|ARM.ActiveCfg = Release|Any CPU
		{7FA216A2-5090-4EA1-BBA9-58697BABDFDF}.Ad-Hoc|ARM.Build.0 = Release|Any CPU
		{7FA216A2-5090-4EA1-BBA9-58697BABDFDF}.Ad-Hoc|ARM.Deploy.0 = Release|Any CPU
		{7FA216A2-5090-4EA1-BBA9-58697BABDFDF}.Ad-Hoc|iPhone.ActiveCfg = Release|Any CPU
		{7FA216A2-5090-4EA1-BBA9-58697BABDFDF}.Ad-Hoc|iPhone.Build.0 = Release|Any CPU
		{7FA216A2-5090-4EA1-BBA9-58697BABDFDF}.Ad-Hoc|iPhone.Deploy.0 = Release|Any CPU
		{7FA216A2-5090-4EA1-BBA9-58697BABDFDF}.Ad-Hoc|iPhoneSimulator.ActiveCfg = Release|Any CPU
		{7FA216A2-5090-4EA1-BBA9-58697BABDFDF}.Ad-Hoc|iPhoneSimulator.Build.0 = Release|Any CPU
		{7FA216A2-5090-4EA1-BBA9-58697BABDFDF}.Ad-Hoc|iPhoneSimulator.Deploy.0 = Release|Any CPU
		{7FA216A2-5090-4EA1-BBA9-58697BABDFDF}.Ad-Hoc|x64.ActiveCfg = Release|Any CPU
		{7FA216A2-5090-4EA1-BBA9-58697BABDFDF}.Ad-Hoc|x64.Build.0 = Release|Any CPU
		{7FA216A2-5090-4EA1-BBA9-58697BABDFDF}.Ad-Hoc|x64.Deploy.0 = Release|Any CPU
		{7FA216A2-5090-4EA1-BBA9-58697BABDFDF}.Ad-Hoc|x86.ActiveCfg = Release|Any CPU
		{7FA216A2-5090-4EA1-BBA9-58697BABDFDF}.Ad-Hoc|x86.Build.0 = Release|Any CPU
		{7FA216A2-5090-4EA1-BBA9-58697BABDFDF}.Ad-Hoc|x86.Deploy.0 = Release|Any CPU
		{7FA216A2-5090-4EA1-BBA9-58697BABDFDF}.AppStore|Any CPU.ActiveCfg = Release|Any CPU
		{7FA216A2-5090-4EA1-BBA9-58697BABDFDF}.AppStore|Any CPU.Build.0 = Release|Any CPU
		{7FA216A2-5090-4EA1-BBA9-58697BABDFDF}.AppStore|Any CPU.Deploy.0 = Release|Any CPU
		{7FA216A2-5090-4EA1-BBA9-58697BABDFDF}.AppStore|ARM.ActiveCfg = Release|Any CPU
		{7FA216A2-5090-4EA1-BBA9-58697BABDFDF}.AppStore|ARM.Build.0 = Release|Any CPU
		{7FA216A2-5090-4EA1-BBA9-58697BABDFDF}.AppStore|ARM.Deploy.0 = Release|Any CPU
		{7FA216A2-5090-4EA1-BBA9-58697BABDFDF}.AppStore|iPhone.ActiveCfg = Release|Any CPU
		{7FA216A2-5090-4EA1-BBA9-58697BABDFDF}.AppStore|iPhone.Build.0 = Release|Any CPU
		{7FA216A2-5090-4EA1-BBA9-58697BABDFDF}.AppStore|iPhone.Deploy.0 = Release|Any CPU
		{7FA216A2-5090-4EA1-BBA9-58697BABDFDF}.AppStore|iPhoneSimulator.ActiveCfg = Release|Any CPU
		{7FA216A2-5090-4EA1-BBA9-58697BABDFDF}.AppStore|iPhoneSimulator.Build.0 = Release|Any CPU
		{7FA216A2-5090-4EA1-BBA9-58697BABDFDF}.AppStore|iPhoneSimulator.Deploy.0 = Release|Any CPU
		{7FA216A2-5090-4EA1-BBA9-58697BABDFDF}.AppStore|x64.ActiveCfg = Release|Any CPU
		{7FA216A2-5090-4EA1-BBA9-58697BABDFDF}.AppStore|x64.Build.0 = Release|Any CPU
		{7FA216A2-5090-4EA1-BBA9-58697BABDFDF}.AppStore|x64.Deploy.0 = Release|Any CPU
		{7FA216A2-5090-4EA1-BBA9-58697BABDFDF}.AppStore|x86.ActiveCfg = Release|Any CPU
		{7FA216A2-5090-4EA1-BBA9-58697BABDFDF}.AppStore|x86.Build.0 = Release|Any CPU
		{7FA216A2-5090-4EA1-BBA9-58697BABDFDF}.AppStore|x86.Deploy.0 = Release|Any CPU
		{7FA216A2-5090-4EA1-BBA9-58697BABDFDF}.Debug|Any CPU.ActiveCfg = Debug|Any CPU
		{7FA216A2-5090-4EA1-BBA9-58697BABDFDF}.Debug|Any CPU.Build.0 = Debug|Any CPU
		{7FA216A2-5090-4EA1-BBA9-58697BABDFDF}.Debug|Any CPU.Deploy.0 = Debug|Any CPU
		{7FA216A2-5090-4EA1-BBA9-58697BABDFDF}.Debug|ARM.ActiveCfg = Debug|Any CPU
		{7FA216A2-5090-4EA1-BBA9-58697BABDFDF}.Debug|ARM.Build.0 = Debug|Any CPU
		{7FA216A2-5090-4EA1-BBA9-58697BABDFDF}.Debug|ARM.Deploy.0 = Debug|Any CPU
		{7FA216A2-5090-4EA1-BBA9-58697BABDFDF}.Debug|iPhone.ActiveCfg = Debug|Any CPU
		{7FA216A2-5090-4EA1-BBA9-58697BABDFDF}.Debug|iPhone.Build.0 = Debug|Any CPU
		{7FA216A2-5090-4EA1-BBA9-58697BABDFDF}.Debug|iPhone.Deploy.0 = Debug|Any CPU
		{7FA216A2-5090-4EA1-BBA9-58697BABDFDF}.Debug|iPhoneSimulator.ActiveCfg = Debug|Any CPU
		{7FA216A2-5090-4EA1-BBA9-58697BABDFDF}.Debug|iPhoneSimulator.Build.0 = Debug|Any CPU
		{7FA216A2-5090-4EA1-BBA9-58697BABDFDF}.Debug|iPhoneSimulator.Deploy.0 = Debug|Any CPU
		{7FA216A2-5090-4EA1-BBA9-58697BABDFDF}.Debug|x64.ActiveCfg = Debug|Any CPU
		{7FA216A2-5090-4EA1-BBA9-58697BABDFDF}.Debug|x64.Build.0 = Debug|Any CPU
		{7FA216A2-5090-4EA1-BBA9-58697BABDFDF}.Debug|x64.Deploy.0 = Debug|Any CPU
		{7FA216A2-5090-4EA1-BBA9-58697BABDFDF}.Debug|x86.ActiveCfg = Debug|Any CPU
		{7FA216A2-5090-4EA1-BBA9-58697BABDFDF}.Debug|x86.Build.0 = Debug|Any CPU
		{7FA216A2-5090-4EA1-BBA9-58697BABDFDF}.Debug|x86.Deploy.0 = Debug|Any CPU
		{7FA216A2-5090-4EA1-BBA9-58697BABDFDF}.Release|Any CPU.ActiveCfg = Release|Any CPU
		{7FA216A2-5090-4EA1-BBA9-58697BABDFDF}.Release|Any CPU.Build.0 = Release|Any CPU
		{7FA216A2-5090-4EA1-BBA9-58697BABDFDF}.Release|Any CPU.Deploy.0 = Release|Any CPU
		{7FA216A2-5090-4EA1-BBA9-58697BABDFDF}.Release|ARM.ActiveCfg = Release|Any CPU
		{7FA216A2-5090-4EA1-BBA9-58697BABDFDF}.Release|ARM.Build.0 = Release|Any CPU
		{7FA216A2-5090-4EA1-BBA9-58697BABDFDF}.Release|ARM.Deploy.0 = Release|Any CPU
		{7FA216A2-5090-4EA1-BBA9-58697BABDFDF}.Release|iPhone.ActiveCfg = Release|Any CPU
		{7FA216A2-5090-4EA1-BBA9-58697BABDFDF}.Release|iPhone.Build.0 = Release|Any CPU
		{7FA216A2-5090-4EA1-BBA9-58697BABDFDF}.Release|iPhone.Deploy.0 = Release|Any CPU
		{7FA216A2-5090-4EA1-BBA9-58697BABDFDF}.Release|iPhoneSimulator.ActiveCfg = Release|Any CPU
		{7FA216A2-5090-4EA1-BBA9-58697BABDFDF}.Release|iPhoneSimulator.Build.0 = Release|Any CPU
		{7FA216A2-5090-4EA1-BBA9-58697BABDFDF}.Release|iPhoneSimulator.Deploy.0 = Release|Any CPU
		{7FA216A2-5090-4EA1-BBA9-58697BABDFDF}.Release|x64.ActiveCfg = Release|Any CPU
		{7FA216A2-5090-4EA1-BBA9-58697BABDFDF}.Release|x64.Build.0 = Release|Any CPU
		{7FA216A2-5090-4EA1-BBA9-58697BABDFDF}.Release|x64.Deploy.0 = Release|Any CPU
		{7FA216A2-5090-4EA1-BBA9-58697BABDFDF}.Release|x86.ActiveCfg = Release|Any CPU
		{7FA216A2-5090-4EA1-BBA9-58697BABDFDF}.Release|x86.Build.0 = Release|Any CPU
		{7FA216A2-5090-4EA1-BBA9-58697BABDFDF}.Release|x86.Deploy.0 = Release|Any CPU
		{6A62A2A1-0FC1-4B28-A276-904FAABA3856}.Ad-Hoc|Any CPU.ActiveCfg = Ad-Hoc|iPhone
		{6A62A2A1-0FC1-4B28-A276-904FAABA3856}.Ad-Hoc|ARM.ActiveCfg = Ad-Hoc|iPhone
		{6A62A2A1-0FC1-4B28-A276-904FAABA3856}.Ad-Hoc|iPhone.ActiveCfg = Ad-Hoc|iPhone
		{6A62A2A1-0FC1-4B28-A276-904FAABA3856}.Ad-Hoc|iPhone.Build.0 = Ad-Hoc|iPhone
		{6A62A2A1-0FC1-4B28-A276-904FAABA3856}.Ad-Hoc|iPhoneSimulator.ActiveCfg = Ad-Hoc|iPhoneSimulator
		{6A62A2A1-0FC1-4B28-A276-904FAABA3856}.Ad-Hoc|iPhoneSimulator.Build.0 = Ad-Hoc|iPhoneSimulator
		{6A62A2A1-0FC1-4B28-A276-904FAABA3856}.Ad-Hoc|x64.ActiveCfg = Ad-Hoc|iPhone
		{6A62A2A1-0FC1-4B28-A276-904FAABA3856}.Ad-Hoc|x86.ActiveCfg = Ad-Hoc|iPhone
		{6A62A2A1-0FC1-4B28-A276-904FAABA3856}.AppStore|Any CPU.ActiveCfg = AppStore|iPhone
		{6A62A2A1-0FC1-4B28-A276-904FAABA3856}.AppStore|ARM.ActiveCfg = AppStore|iPhone
		{6A62A2A1-0FC1-4B28-A276-904FAABA3856}.AppStore|iPhone.ActiveCfg = AppStore|iPhone
		{6A62A2A1-0FC1-4B28-A276-904FAABA3856}.AppStore|iPhone.Build.0 = AppStore|iPhone
		{6A62A2A1-0FC1-4B28-A276-904FAABA3856}.AppStore|iPhoneSimulator.ActiveCfg = AppStore|iPhoneSimulator
		{6A62A2A1-0FC1-4B28-A276-904FAABA3856}.AppStore|iPhoneSimulator.Build.0 = AppStore|iPhoneSimulator
		{6A62A2A1-0FC1-4B28-A276-904FAABA3856}.AppStore|x64.ActiveCfg = AppStore|iPhone
		{6A62A2A1-0FC1-4B28-A276-904FAABA3856}.AppStore|x86.ActiveCfg = AppStore|iPhone
		{6A62A2A1-0FC1-4B28-A276-904FAABA3856}.Debug|Any CPU.ActiveCfg = Debug|iPhone
		{6A62A2A1-0FC1-4B28-A276-904FAABA3856}.Debug|ARM.ActiveCfg = Debug|iPhone
		{6A62A2A1-0FC1-4B28-A276-904FAABA3856}.Debug|iPhone.ActiveCfg = Debug|iPhone
		{6A62A2A1-0FC1-4B28-A276-904FAABA3856}.Debug|iPhone.Build.0 = Debug|iPhone
		{6A62A2A1-0FC1-4B28-A276-904FAABA3856}.Debug|iPhoneSimulator.ActiveCfg = Debug|iPhoneSimulator
		{6A62A2A1-0FC1-4B28-A276-904FAABA3856}.Debug|iPhoneSimulator.Build.0 = Debug|iPhoneSimulator
		{6A62A2A1-0FC1-4B28-A276-904FAABA3856}.Debug|x64.ActiveCfg = Debug|iPhone
		{6A62A2A1-0FC1-4B28-A276-904FAABA3856}.Debug|x86.ActiveCfg = Debug|iPhone
		{6A62A2A1-0FC1-4B28-A276-904FAABA3856}.Release|Any CPU.ActiveCfg = Release|iPhone
		{6A62A2A1-0FC1-4B28-A276-904FAABA3856}.Release|ARM.ActiveCfg = Release|iPhone
		{6A62A2A1-0FC1-4B28-A276-904FAABA3856}.Release|iPhone.ActiveCfg = Release|iPhone
		{6A62A2A1-0FC1-4B28-A276-904FAABA3856}.Release|iPhone.Build.0 = Release|iPhone
		{6A62A2A1-0FC1-4B28-A276-904FAABA3856}.Release|iPhoneSimulator.ActiveCfg = Release|iPhoneSimulator
		{6A62A2A1-0FC1-4B28-A276-904FAABA3856}.Release|iPhoneSimulator.Build.0 = Release|iPhoneSimulator
		{6A62A2A1-0FC1-4B28-A276-904FAABA3856}.Release|x64.ActiveCfg = Release|iPhone
		{6A62A2A1-0FC1-4B28-A276-904FAABA3856}.Release|x86.ActiveCfg = Release|iPhone
		{668DEAB0-8F83-46D1-AE6F-9F3C9EB4DBC6}.Ad-Hoc|Any CPU.ActiveCfg = Release|Any CPU
		{668DEAB0-8F83-46D1-AE6F-9F3C9EB4DBC6}.Ad-Hoc|Any CPU.Build.0 = Release|Any CPU
		{668DEAB0-8F83-46D1-AE6F-9F3C9EB4DBC6}.Ad-Hoc|Any CPU.Deploy.0 = Release|Any CPU
		{668DEAB0-8F83-46D1-AE6F-9F3C9EB4DBC6}.Ad-Hoc|ARM.ActiveCfg = Release|ARM
		{668DEAB0-8F83-46D1-AE6F-9F3C9EB4DBC6}.Ad-Hoc|ARM.Build.0 = Release|ARM
		{668DEAB0-8F83-46D1-AE6F-9F3C9EB4DBC6}.Ad-Hoc|ARM.Deploy.0 = Release|ARM
		{668DEAB0-8F83-46D1-AE6F-9F3C9EB4DBC6}.Ad-Hoc|iPhone.ActiveCfg = Release|Any CPU
		{668DEAB0-8F83-46D1-AE6F-9F3C9EB4DBC6}.Ad-Hoc|iPhone.Build.0 = Release|Any CPU
		{668DEAB0-8F83-46D1-AE6F-9F3C9EB4DBC6}.Ad-Hoc|iPhone.Deploy.0 = Release|Any CPU
		{668DEAB0-8F83-46D1-AE6F-9F3C9EB4DBC6}.Ad-Hoc|iPhoneSimulator.ActiveCfg = Release|Any CPU
		{668DEAB0-8F83-46D1-AE6F-9F3C9EB4DBC6}.Ad-Hoc|iPhoneSimulator.Build.0 = Release|Any CPU
		{668DEAB0-8F83-46D1-AE6F-9F3C9EB4DBC6}.Ad-Hoc|iPhoneSimulator.Deploy.0 = Release|Any CPU
		{668DEAB0-8F83-46D1-AE6F-9F3C9EB4DBC6}.Ad-Hoc|x64.ActiveCfg = Release|Any CPU
		{668DEAB0-8F83-46D1-AE6F-9F3C9EB4DBC6}.Ad-Hoc|x64.Build.0 = Release|Any CPU
		{668DEAB0-8F83-46D1-AE6F-9F3C9EB4DBC6}.Ad-Hoc|x64.Deploy.0 = Release|Any CPU
		{668DEAB0-8F83-46D1-AE6F-9F3C9EB4DBC6}.Ad-Hoc|x86.ActiveCfg = Release|x86
		{668DEAB0-8F83-46D1-AE6F-9F3C9EB4DBC6}.Ad-Hoc|x86.Build.0 = Release|x86
		{668DEAB0-8F83-46D1-AE6F-9F3C9EB4DBC6}.Ad-Hoc|x86.Deploy.0 = Release|x86
		{668DEAB0-8F83-46D1-AE6F-9F3C9EB4DBC6}.AppStore|Any CPU.ActiveCfg = Release|Any CPU
		{668DEAB0-8F83-46D1-AE6F-9F3C9EB4DBC6}.AppStore|Any CPU.Build.0 = Release|Any CPU
		{668DEAB0-8F83-46D1-AE6F-9F3C9EB4DBC6}.AppStore|Any CPU.Deploy.0 = Release|Any CPU
		{668DEAB0-8F83-46D1-AE6F-9F3C9EB4DBC6}.AppStore|ARM.ActiveCfg = Release|ARM
		{668DEAB0-8F83-46D1-AE6F-9F3C9EB4DBC6}.AppStore|ARM.Build.0 = Release|ARM
		{668DEAB0-8F83-46D1-AE6F-9F3C9EB4DBC6}.AppStore|ARM.Deploy.0 = Release|ARM
		{668DEAB0-8F83-46D1-AE6F-9F3C9EB4DBC6}.AppStore|iPhone.ActiveCfg = Release|Any CPU
		{668DEAB0-8F83-46D1-AE6F-9F3C9EB4DBC6}.AppStore|iPhone.Build.0 = Release|Any CPU
		{668DEAB0-8F83-46D1-AE6F-9F3C9EB4DBC6}.AppStore|iPhone.Deploy.0 = Release|Any CPU
		{668DEAB0-8F83-46D1-AE6F-9F3C9EB4DBC6}.AppStore|iPhoneSimulator.ActiveCfg = Release|Any CPU
		{668DEAB0-8F83-46D1-AE6F-9F3C9EB4DBC6}.AppStore|iPhoneSimulator.Build.0 = Release|Any CPU
		{668DEAB0-8F83-46D1-AE6F-9F3C9EB4DBC6}.AppStore|iPhoneSimulator.Deploy.0 = Release|Any CPU
		{668DEAB0-8F83-46D1-AE6F-9F3C9EB4DBC6}.AppStore|x64.ActiveCfg = Release|Any CPU
		{668DEAB0-8F83-46D1-AE6F-9F3C9EB4DBC6}.AppStore|x64.Build.0 = Release|Any CPU
		{668DEAB0-8F83-46D1-AE6F-9F3C9EB4DBC6}.AppStore|x64.Deploy.0 = Release|Any CPU
		{668DEAB0-8F83-46D1-AE6F-9F3C9EB4DBC6}.AppStore|x86.ActiveCfg = Release|x86
		{668DEAB0-8F83-46D1-AE6F-9F3C9EB4DBC6}.AppStore|x86.Build.0 = Release|x86
		{668DEAB0-8F83-46D1-AE6F-9F3C9EB4DBC6}.AppStore|x86.Deploy.0 = Release|x86
		{668DEAB0-8F83-46D1-AE6F-9F3C9EB4DBC6}.Debug|Any CPU.ActiveCfg = Debug|Any CPU
		{668DEAB0-8F83-46D1-AE6F-9F3C9EB4DBC6}.Debug|Any CPU.Build.0 = Debug|Any CPU
		{668DEAB0-8F83-46D1-AE6F-9F3C9EB4DBC6}.Debug|Any CPU.Deploy.0 = Debug|Any CPU
		{668DEAB0-8F83-46D1-AE6F-9F3C9EB4DBC6}.Debug|ARM.ActiveCfg = Debug|ARM
		{668DEAB0-8F83-46D1-AE6F-9F3C9EB4DBC6}.Debug|ARM.Build.0 = Debug|ARM
		{668DEAB0-8F83-46D1-AE6F-9F3C9EB4DBC6}.Debug|ARM.Deploy.0 = Debug|ARM
		{668DEAB0-8F83-46D1-AE6F-9F3C9EB4DBC6}.Debug|iPhone.ActiveCfg = Debug|Any CPU
		{668DEAB0-8F83-46D1-AE6F-9F3C9EB4DBC6}.Debug|iPhone.Build.0 = Debug|Any CPU
		{668DEAB0-8F83-46D1-AE6F-9F3C9EB4DBC6}.Debug|iPhone.Deploy.0 = Debug|Any CPU
		{668DEAB0-8F83-46D1-AE6F-9F3C9EB4DBC6}.Debug|iPhoneSimulator.ActiveCfg = Debug|Any CPU
		{668DEAB0-8F83-46D1-AE6F-9F3C9EB4DBC6}.Debug|iPhoneSimulator.Build.0 = Debug|Any CPU
		{668DEAB0-8F83-46D1-AE6F-9F3C9EB4DBC6}.Debug|iPhoneSimulator.Deploy.0 = Debug|Any CPU
		{668DEAB0-8F83-46D1-AE6F-9F3C9EB4DBC6}.Debug|x64.ActiveCfg = Debug|Any CPU
		{668DEAB0-8F83-46D1-AE6F-9F3C9EB4DBC6}.Debug|x64.Build.0 = Debug|Any CPU
		{668DEAB0-8F83-46D1-AE6F-9F3C9EB4DBC6}.Debug|x64.Deploy.0 = Debug|Any CPU
		{668DEAB0-8F83-46D1-AE6F-9F3C9EB4DBC6}.Debug|x86.ActiveCfg = Debug|x86
		{668DEAB0-8F83-46D1-AE6F-9F3C9EB4DBC6}.Debug|x86.Build.0 = Debug|x86
		{668DEAB0-8F83-46D1-AE6F-9F3C9EB4DBC6}.Debug|x86.Deploy.0 = Debug|x86
		{668DEAB0-8F83-46D1-AE6F-9F3C9EB4DBC6}.Release|Any CPU.ActiveCfg = Release|Any CPU
		{668DEAB0-8F83-46D1-AE6F-9F3C9EB4DBC6}.Release|Any CPU.Build.0 = Release|Any CPU
		{668DEAB0-8F83-46D1-AE6F-9F3C9EB4DBC6}.Release|Any CPU.Deploy.0 = Release|Any CPU
		{668DEAB0-8F83-46D1-AE6F-9F3C9EB4DBC6}.Release|ARM.ActiveCfg = Release|ARM
		{668DEAB0-8F83-46D1-AE6F-9F3C9EB4DBC6}.Release|ARM.Build.0 = Release|ARM
		{668DEAB0-8F83-46D1-AE6F-9F3C9EB4DBC6}.Release|ARM.Deploy.0 = Release|ARM
		{668DEAB0-8F83-46D1-AE6F-9F3C9EB4DBC6}.Release|iPhone.ActiveCfg = Release|Any CPU
		{668DEAB0-8F83-46D1-AE6F-9F3C9EB4DBC6}.Release|iPhone.Build.0 = Release|Any CPU
		{668DEAB0-8F83-46D1-AE6F-9F3C9EB4DBC6}.Release|iPhone.Deploy.0 = Release|Any CPU
		{668DEAB0-8F83-46D1-AE6F-9F3C9EB4DBC6}.Release|iPhoneSimulator.ActiveCfg = Release|Any CPU
		{668DEAB0-8F83-46D1-AE6F-9F3C9EB4DBC6}.Release|iPhoneSimulator.Build.0 = Release|Any CPU
		{668DEAB0-8F83-46D1-AE6F-9F3C9EB4DBC6}.Release|iPhoneSimulator.Deploy.0 = Release|Any CPU
		{668DEAB0-8F83-46D1-AE6F-9F3C9EB4DBC6}.Release|x64.ActiveCfg = Release|Any CPU
		{668DEAB0-8F83-46D1-AE6F-9F3C9EB4DBC6}.Release|x64.Build.0 = Release|Any CPU
		{668DEAB0-8F83-46D1-AE6F-9F3C9EB4DBC6}.Release|x64.Deploy.0 = Release|Any CPU
		{668DEAB0-8F83-46D1-AE6F-9F3C9EB4DBC6}.Release|x86.ActiveCfg = Release|x86
		{668DEAB0-8F83-46D1-AE6F-9F3C9EB4DBC6}.Release|x86.Build.0 = Release|x86
		{668DEAB0-8F83-46D1-AE6F-9F3C9EB4DBC6}.Release|x86.Deploy.0 = Release|x86
		{ED1FA6B2-E3FC-487A-8EA2-53462B6C4228}.Ad-Hoc|Any CPU.ActiveCfg = Release|x86
		{ED1FA6B2-E3FC-487A-8EA2-53462B6C4228}.Ad-Hoc|Any CPU.Build.0 = Release|x86
		{ED1FA6B2-E3FC-487A-8EA2-53462B6C4228}.Ad-Hoc|Any CPU.Deploy.0 = Release|x86
		{ED1FA6B2-E3FC-487A-8EA2-53462B6C4228}.Ad-Hoc|ARM.ActiveCfg = Release|ARM
		{ED1FA6B2-E3FC-487A-8EA2-53462B6C4228}.Ad-Hoc|ARM.Build.0 = Release|ARM
		{ED1FA6B2-E3FC-487A-8EA2-53462B6C4228}.Ad-Hoc|ARM.Deploy.0 = Release|ARM
		{ED1FA6B2-E3FC-487A-8EA2-53462B6C4228}.Ad-Hoc|iPhone.ActiveCfg = Release|x86
		{ED1FA6B2-E3FC-487A-8EA2-53462B6C4228}.Ad-Hoc|iPhone.Build.0 = Release|x86
		{ED1FA6B2-E3FC-487A-8EA2-53462B6C4228}.Ad-Hoc|iPhone.Deploy.0 = Release|x86
		{ED1FA6B2-E3FC-487A-8EA2-53462B6C4228}.Ad-Hoc|iPhoneSimulator.ActiveCfg = Release|x86
		{ED1FA6B2-E3FC-487A-8EA2-53462B6C4228}.Ad-Hoc|iPhoneSimulator.Build.0 = Release|x86
		{ED1FA6B2-E3FC-487A-8EA2-53462B6C4228}.Ad-Hoc|iPhoneSimulator.Deploy.0 = Release|x86
		{ED1FA6B2-E3FC-487A-8EA2-53462B6C4228}.Ad-Hoc|x64.ActiveCfg = Release|x64
		{ED1FA6B2-E3FC-487A-8EA2-53462B6C4228}.Ad-Hoc|x64.Build.0 = Release|x64
		{ED1FA6B2-E3FC-487A-8EA2-53462B6C4228}.Ad-Hoc|x64.Deploy.0 = Release|x64
		{ED1FA6B2-E3FC-487A-8EA2-53462B6C4228}.Ad-Hoc|x86.ActiveCfg = Release|x86
		{ED1FA6B2-E3FC-487A-8EA2-53462B6C4228}.Ad-Hoc|x86.Build.0 = Release|x86
		{ED1FA6B2-E3FC-487A-8EA2-53462B6C4228}.Ad-Hoc|x86.Deploy.0 = Release|x86
		{ED1FA6B2-E3FC-487A-8EA2-53462B6C4228}.AppStore|Any CPU.ActiveCfg = Release|x86
		{ED1FA6B2-E3FC-487A-8EA2-53462B6C4228}.AppStore|Any CPU.Build.0 = Release|x86
		{ED1FA6B2-E3FC-487A-8EA2-53462B6C4228}.AppStore|Any CPU.Deploy.0 = Release|x86
		{ED1FA6B2-E3FC-487A-8EA2-53462B6C4228}.AppStore|ARM.ActiveCfg = Release|ARM
		{ED1FA6B2-E3FC-487A-8EA2-53462B6C4228}.AppStore|ARM.Build.0 = Release|ARM
		{ED1FA6B2-E3FC-487A-8EA2-53462B6C4228}.AppStore|ARM.Deploy.0 = Release|ARM
		{ED1FA6B2-E3FC-487A-8EA2-53462B6C4228}.AppStore|iPhone.ActiveCfg = Release|x86
		{ED1FA6B2-E3FC-487A-8EA2-53462B6C4228}.AppStore|iPhone.Build.0 = Release|x86
		{ED1FA6B2-E3FC-487A-8EA2-53462B6C4228}.AppStore|iPhone.Deploy.0 = Release|x86
		{ED1FA6B2-E3FC-487A-8EA2-53462B6C4228}.AppStore|iPhoneSimulator.ActiveCfg = Release|x86
		{ED1FA6B2-E3FC-487A-8EA2-53462B6C4228}.AppStore|iPhoneSimulator.Build.0 = Release|x86
		{ED1FA6B2-E3FC-487A-8EA2-53462B6C4228}.AppStore|iPhoneSimulator.Deploy.0 = Release|x86
		{ED1FA6B2-E3FC-487A-8EA2-53462B6C4228}.AppStore|x64.ActiveCfg = Release|x64
		{ED1FA6B2-E3FC-487A-8EA2-53462B6C4228}.AppStore|x64.Build.0 = Release|x64
		{ED1FA6B2-E3FC-487A-8EA2-53462B6C4228}.AppStore|x64.Deploy.0 = Release|x64
		{ED1FA6B2-E3FC-487A-8EA2-53462B6C4228}.AppStore|x86.ActiveCfg = Release|x86
		{ED1FA6B2-E3FC-487A-8EA2-53462B6C4228}.AppStore|x86.Build.0 = Release|x86
		{ED1FA6B2-E3FC-487A-8EA2-53462B6C4228}.AppStore|x86.Deploy.0 = Release|x86
		{ED1FA6B2-E3FC-487A-8EA2-53462B6C4228}.Debug|Any CPU.ActiveCfg = Debug|x86
		{ED1FA6B2-E3FC-487A-8EA2-53462B6C4228}.Debug|ARM.ActiveCfg = Debug|ARM
		{ED1FA6B2-E3FC-487A-8EA2-53462B6C4228}.Debug|ARM.Build.0 = Debug|ARM
		{ED1FA6B2-E3FC-487A-8EA2-53462B6C4228}.Debug|ARM.Deploy.0 = Debug|ARM
		{ED1FA6B2-E3FC-487A-8EA2-53462B6C4228}.Debug|iPhone.ActiveCfg = Debug|x86
		{ED1FA6B2-E3FC-487A-8EA2-53462B6C4228}.Debug|iPhoneSimulator.ActiveCfg = Debug|x86
		{ED1FA6B2-E3FC-487A-8EA2-53462B6C4228}.Debug|x64.ActiveCfg = Debug|x64
		{ED1FA6B2-E3FC-487A-8EA2-53462B6C4228}.Debug|x64.Build.0 = Debug|x64
		{ED1FA6B2-E3FC-487A-8EA2-53462B6C4228}.Debug|x64.Deploy.0 = Debug|x64
		{ED1FA6B2-E3FC-487A-8EA2-53462B6C4228}.Debug|x86.ActiveCfg = Debug|x86
		{ED1FA6B2-E3FC-487A-8EA2-53462B6C4228}.Debug|x86.Build.0 = Debug|x86
		{ED1FA6B2-E3FC-487A-8EA2-53462B6C4228}.Debug|x86.Deploy.0 = Debug|x86
		{ED1FA6B2-E3FC-487A-8EA2-53462B6C4228}.Release|Any CPU.ActiveCfg = Release|x86
		{ED1FA6B2-E3FC-487A-8EA2-53462B6C4228}.Release|ARM.ActiveCfg = Release|ARM
		{ED1FA6B2-E3FC-487A-8EA2-53462B6C4228}.Release|ARM.Build.0 = Release|ARM
		{ED1FA6B2-E3FC-487A-8EA2-53462B6C4228}.Release|ARM.Deploy.0 = Release|ARM
		{ED1FA6B2-E3FC-487A-8EA2-53462B6C4228}.Release|iPhone.ActiveCfg = Release|x86
		{ED1FA6B2-E3FC-487A-8EA2-53462B6C4228}.Release|iPhoneSimulator.ActiveCfg = Release|x86
		{ED1FA6B2-E3FC-487A-8EA2-53462B6C4228}.Release|x64.ActiveCfg = Release|x64
		{ED1FA6B2-E3FC-487A-8EA2-53462B6C4228}.Release|x64.Build.0 = Release|x64
		{ED1FA6B2-E3FC-487A-8EA2-53462B6C4228}.Release|x64.Deploy.0 = Release|x64
		{ED1FA6B2-E3FC-487A-8EA2-53462B6C4228}.Release|x86.ActiveCfg = Release|x86
		{ED1FA6B2-E3FC-487A-8EA2-53462B6C4228}.Release|x86.Build.0 = Release|x86
		{ED1FA6B2-E3FC-487A-8EA2-53462B6C4228}.Release|x86.Deploy.0 = Release|x86
		{4F647F2C-FCBE-4FD9-9FBB-FB3624F1A89F}.Ad-Hoc|Any CPU.ActiveCfg = Release|Any CPU
		{4F647F2C-FCBE-4FD9-9FBB-FB3624F1A89F}.Ad-Hoc|Any CPU.Build.0 = Release|Any CPU
		{4F647F2C-FCBE-4FD9-9FBB-FB3624F1A89F}.Ad-Hoc|Any CPU.Deploy.0 = Release|Any CPU
		{4F647F2C-FCBE-4FD9-9FBB-FB3624F1A89F}.Ad-Hoc|ARM.ActiveCfg = Release|ARM
		{4F647F2C-FCBE-4FD9-9FBB-FB3624F1A89F}.Ad-Hoc|ARM.Build.0 = Release|ARM
		{4F647F2C-FCBE-4FD9-9FBB-FB3624F1A89F}.Ad-Hoc|ARM.Deploy.0 = Release|ARM
		{4F647F2C-FCBE-4FD9-9FBB-FB3624F1A89F}.Ad-Hoc|iPhone.ActiveCfg = Release|Any CPU
		{4F647F2C-FCBE-4FD9-9FBB-FB3624F1A89F}.Ad-Hoc|iPhone.Build.0 = Release|Any CPU
		{4F647F2C-FCBE-4FD9-9FBB-FB3624F1A89F}.Ad-Hoc|iPhone.Deploy.0 = Release|Any CPU
		{4F647F2C-FCBE-4FD9-9FBB-FB3624F1A89F}.Ad-Hoc|iPhoneSimulator.ActiveCfg = Release|Any CPU
		{4F647F2C-FCBE-4FD9-9FBB-FB3624F1A89F}.Ad-Hoc|iPhoneSimulator.Build.0 = Release|Any CPU
		{4F647F2C-FCBE-4FD9-9FBB-FB3624F1A89F}.Ad-Hoc|iPhoneSimulator.Deploy.0 = Release|Any CPU
		{4F647F2C-FCBE-4FD9-9FBB-FB3624F1A89F}.Ad-Hoc|x64.ActiveCfg = Release|x64
		{4F647F2C-FCBE-4FD9-9FBB-FB3624F1A89F}.Ad-Hoc|x64.Build.0 = Release|x64
		{4F647F2C-FCBE-4FD9-9FBB-FB3624F1A89F}.Ad-Hoc|x64.Deploy.0 = Release|x64
		{4F647F2C-FCBE-4FD9-9FBB-FB3624F1A89F}.Ad-Hoc|x86.ActiveCfg = Release|x86
		{4F647F2C-FCBE-4FD9-9FBB-FB3624F1A89F}.Ad-Hoc|x86.Build.0 = Release|x86
		{4F647F2C-FCBE-4FD9-9FBB-FB3624F1A89F}.Ad-Hoc|x86.Deploy.0 = Release|x86
		{4F647F2C-FCBE-4FD9-9FBB-FB3624F1A89F}.AppStore|Any CPU.ActiveCfg = Release|Any CPU
		{4F647F2C-FCBE-4FD9-9FBB-FB3624F1A89F}.AppStore|Any CPU.Build.0 = Release|Any CPU
		{4F647F2C-FCBE-4FD9-9FBB-FB3624F1A89F}.AppStore|Any CPU.Deploy.0 = Release|Any CPU
		{4F647F2C-FCBE-4FD9-9FBB-FB3624F1A89F}.AppStore|ARM.ActiveCfg = Release|ARM
		{4F647F2C-FCBE-4FD9-9FBB-FB3624F1A89F}.AppStore|ARM.Build.0 = Release|ARM
		{4F647F2C-FCBE-4FD9-9FBB-FB3624F1A89F}.AppStore|ARM.Deploy.0 = Release|ARM
		{4F647F2C-FCBE-4FD9-9FBB-FB3624F1A89F}.AppStore|iPhone.ActiveCfg = Release|Any CPU
		{4F647F2C-FCBE-4FD9-9FBB-FB3624F1A89F}.AppStore|iPhone.Build.0 = Release|Any CPU
		{4F647F2C-FCBE-4FD9-9FBB-FB3624F1A89F}.AppStore|iPhone.Deploy.0 = Release|Any CPU
		{4F647F2C-FCBE-4FD9-9FBB-FB3624F1A89F}.AppStore|iPhoneSimulator.ActiveCfg = Release|Any CPU
		{4F647F2C-FCBE-4FD9-9FBB-FB3624F1A89F}.AppStore|iPhoneSimulator.Build.0 = Release|Any CPU
		{4F647F2C-FCBE-4FD9-9FBB-FB3624F1A89F}.AppStore|iPhoneSimulator.Deploy.0 = Release|Any CPU
		{4F647F2C-FCBE-4FD9-9FBB-FB3624F1A89F}.AppStore|x64.ActiveCfg = Release|x64
		{4F647F2C-FCBE-4FD9-9FBB-FB3624F1A89F}.AppStore|x64.Build.0 = Release|x64
		{4F647F2C-FCBE-4FD9-9FBB-FB3624F1A89F}.AppStore|x64.Deploy.0 = Release|x64
		{4F647F2C-FCBE-4FD9-9FBB-FB3624F1A89F}.AppStore|x86.ActiveCfg = Release|x86
		{4F647F2C-FCBE-4FD9-9FBB-FB3624F1A89F}.AppStore|x86.Build.0 = Release|x86
		{4F647F2C-FCBE-4FD9-9FBB-FB3624F1A89F}.AppStore|x86.Deploy.0 = Release|x86
		{4F647F2C-FCBE-4FD9-9FBB-FB3624F1A89F}.Debug|Any CPU.ActiveCfg = Debug|Any CPU
		{4F647F2C-FCBE-4FD9-9FBB-FB3624F1A89F}.Debug|Any CPU.Build.0 = Debug|Any CPU
		{4F647F2C-FCBE-4FD9-9FBB-FB3624F1A89F}.Debug|Any CPU.Deploy.0 = Debug|Any CPU
		{4F647F2C-FCBE-4FD9-9FBB-FB3624F1A89F}.Debug|ARM.ActiveCfg = Debug|ARM
		{4F647F2C-FCBE-4FD9-9FBB-FB3624F1A89F}.Debug|ARM.Build.0 = Debug|ARM
		{4F647F2C-FCBE-4FD9-9FBB-FB3624F1A89F}.Debug|ARM.Deploy.0 = Debug|ARM
		{4F647F2C-FCBE-4FD9-9FBB-FB3624F1A89F}.Debug|iPhone.ActiveCfg = Debug|Any CPU
		{4F647F2C-FCBE-4FD9-9FBB-FB3624F1A89F}.Debug|iPhone.Build.0 = Debug|Any CPU
		{4F647F2C-FCBE-4FD9-9FBB-FB3624F1A89F}.Debug|iPhone.Deploy.0 = Debug|Any CPU
		{4F647F2C-FCBE-4FD9-9FBB-FB3624F1A89F}.Debug|iPhoneSimulator.ActiveCfg = Debug|Any CPU
		{4F647F2C-FCBE-4FD9-9FBB-FB3624F1A89F}.Debug|iPhoneSimulator.Build.0 = Debug|Any CPU
		{4F647F2C-FCBE-4FD9-9FBB-FB3624F1A89F}.Debug|iPhoneSimulator.Deploy.0 = Debug|Any CPU
		{4F647F2C-FCBE-4FD9-9FBB-FB3624F1A89F}.Debug|x64.ActiveCfg = Debug|x64
		{4F647F2C-FCBE-4FD9-9FBB-FB3624F1A89F}.Debug|x64.Build.0 = Debug|x64
		{4F647F2C-FCBE-4FD9-9FBB-FB3624F1A89F}.Debug|x64.Deploy.0 = Debug|x64
		{4F647F2C-FCBE-4FD9-9FBB-FB3624F1A89F}.Debug|x86.ActiveCfg = Debug|x86
		{4F647F2C-FCBE-4FD9-9FBB-FB3624F1A89F}.Debug|x86.Build.0 = Debug|x86
		{4F647F2C-FCBE-4FD9-9FBB-FB3624F1A89F}.Debug|x86.Deploy.0 = Debug|x86
		{4F647F2C-FCBE-4FD9-9FBB-FB3624F1A89F}.Release|Any CPU.ActiveCfg = Release|Any CPU
		{4F647F2C-FCBE-4FD9-9FBB-FB3624F1A89F}.Release|Any CPU.Build.0 = Release|Any CPU
		{4F647F2C-FCBE-4FD9-9FBB-FB3624F1A89F}.Release|Any CPU.Deploy.0 = Release|Any CPU
		{4F647F2C-FCBE-4FD9-9FBB-FB3624F1A89F}.Release|ARM.ActiveCfg = Release|ARM
		{4F647F2C-FCBE-4FD9-9FBB-FB3624F1A89F}.Release|ARM.Build.0 = Release|ARM
		{4F647F2C-FCBE-4FD9-9FBB-FB3624F1A89F}.Release|ARM.Deploy.0 = Release|ARM
		{4F647F2C-FCBE-4FD9-9FBB-FB3624F1A89F}.Release|iPhone.ActiveCfg = Release|Any CPU
		{4F647F2C-FCBE-4FD9-9FBB-FB3624F1A89F}.Release|iPhone.Build.0 = Release|Any CPU
		{4F647F2C-FCBE-4FD9-9FBB-FB3624F1A89F}.Release|iPhone.Deploy.0 = Release|Any CPU
		{4F647F2C-FCBE-4FD9-9FBB-FB3624F1A89F}.Release|iPhoneSimulator.ActiveCfg = Release|Any CPU
		{4F647F2C-FCBE-4FD9-9FBB-FB3624F1A89F}.Release|iPhoneSimulator.Build.0 = Release|Any CPU
		{4F647F2C-FCBE-4FD9-9FBB-FB3624F1A89F}.Release|iPhoneSimulator.Deploy.0 = Release|Any CPU
		{4F647F2C-FCBE-4FD9-9FBB-FB3624F1A89F}.Release|x64.ActiveCfg = Release|x64
		{4F647F2C-FCBE-4FD9-9FBB-FB3624F1A89F}.Release|x64.Build.0 = Release|x64
		{4F647F2C-FCBE-4FD9-9FBB-FB3624F1A89F}.Release|x64.Deploy.0 = Release|x64
		{4F647F2C-FCBE-4FD9-9FBB-FB3624F1A89F}.Release|x86.ActiveCfg = Release|x86
		{4F647F2C-FCBE-4FD9-9FBB-FB3624F1A89F}.Release|x86.Build.0 = Release|x86
		{4F647F2C-FCBE-4FD9-9FBB-FB3624F1A89F}.Release|x86.Deploy.0 = Release|x86
		{7B0EBC62-9C0C-47B3-B2B8-A5F734133A23}.Ad-Hoc|Any CPU.ActiveCfg = Release|Any CPU
		{7B0EBC62-9C0C-47B3-B2B8-A5F734133A23}.Ad-Hoc|Any CPU.Build.0 = Release|Any CPU
		{7B0EBC62-9C0C-47B3-B2B8-A5F734133A23}.Ad-Hoc|ARM.ActiveCfg = Release|Any CPU
		{7B0EBC62-9C0C-47B3-B2B8-A5F734133A23}.Ad-Hoc|ARM.Build.0 = Release|Any CPU
		{7B0EBC62-9C0C-47B3-B2B8-A5F734133A23}.Ad-Hoc|iPhone.ActiveCfg = Release|Any CPU
		{7B0EBC62-9C0C-47B3-B2B8-A5F734133A23}.Ad-Hoc|iPhone.Build.0 = Release|Any CPU
		{7B0EBC62-9C0C-47B3-B2B8-A5F734133A23}.Ad-Hoc|iPhoneSimulator.ActiveCfg = Release|Any CPU
		{7B0EBC62-9C0C-47B3-B2B8-A5F734133A23}.Ad-Hoc|iPhoneSimulator.Build.0 = Release|Any CPU
		{7B0EBC62-9C0C-47B3-B2B8-A5F734133A23}.Ad-Hoc|x64.ActiveCfg = Release|Any CPU
		{7B0EBC62-9C0C-47B3-B2B8-A5F734133A23}.Ad-Hoc|x64.Build.0 = Release|Any CPU
		{7B0EBC62-9C0C-47B3-B2B8-A5F734133A23}.Ad-Hoc|x86.ActiveCfg = Release|Any CPU
		{7B0EBC62-9C0C-47B3-B2B8-A5F734133A23}.Ad-Hoc|x86.Build.0 = Release|Any CPU
		{7B0EBC62-9C0C-47B3-B2B8-A5F734133A23}.AppStore|Any CPU.ActiveCfg = Release|Any CPU
		{7B0EBC62-9C0C-47B3-B2B8-A5F734133A23}.AppStore|Any CPU.Build.0 = Release|Any CPU
		{7B0EBC62-9C0C-47B3-B2B8-A5F734133A23}.AppStore|ARM.ActiveCfg = Release|Any CPU
		{7B0EBC62-9C0C-47B3-B2B8-A5F734133A23}.AppStore|ARM.Build.0 = Release|Any CPU
		{7B0EBC62-9C0C-47B3-B2B8-A5F734133A23}.AppStore|iPhone.ActiveCfg = Release|Any CPU
		{7B0EBC62-9C0C-47B3-B2B8-A5F734133A23}.AppStore|iPhone.Build.0 = Release|Any CPU
		{7B0EBC62-9C0C-47B3-B2B8-A5F734133A23}.AppStore|iPhoneSimulator.ActiveCfg = Release|Any CPU
		{7B0EBC62-9C0C-47B3-B2B8-A5F734133A23}.AppStore|iPhoneSimulator.Build.0 = Release|Any CPU
		{7B0EBC62-9C0C-47B3-B2B8-A5F734133A23}.AppStore|x64.ActiveCfg = Release|Any CPU
		{7B0EBC62-9C0C-47B3-B2B8-A5F734133A23}.AppStore|x64.Build.0 = Release|Any CPU
		{7B0EBC62-9C0C-47B3-B2B8-A5F734133A23}.AppStore|x86.ActiveCfg = Release|Any CPU
		{7B0EBC62-9C0C-47B3-B2B8-A5F734133A23}.AppStore|x86.Build.0 = Release|Any CPU
		{7B0EBC62-9C0C-47B3-B2B8-A5F734133A23}.Debug|Any CPU.ActiveCfg = Debug|Any CPU
		{7B0EBC62-9C0C-47B3-B2B8-A5F734133A23}.Debug|Any CPU.Build.0 = Debug|Any CPU
		{7B0EBC62-9C0C-47B3-B2B8-A5F734133A23}.Debug|ARM.ActiveCfg = Debug|Any CPU
		{7B0EBC62-9C0C-47B3-B2B8-A5F734133A23}.Debug|ARM.Build.0 = Debug|Any CPU
		{7B0EBC62-9C0C-47B3-B2B8-A5F734133A23}.Debug|iPhone.ActiveCfg = Debug|Any CPU
		{7B0EBC62-9C0C-47B3-B2B8-A5F734133A23}.Debug|iPhone.Build.0 = Debug|Any CPU
		{7B0EBC62-9C0C-47B3-B2B8-A5F734133A23}.Debug|iPhoneSimulator.ActiveCfg = Debug|Any CPU
		{7B0EBC62-9C0C-47B3-B2B8-A5F734133A23}.Debug|iPhoneSimulator.Build.0 = Debug|Any CPU
		{7B0EBC62-9C0C-47B3-B2B8-A5F734133A23}.Debug|x64.ActiveCfg = Debug|Any CPU
		{7B0EBC62-9C0C-47B3-B2B8-A5F734133A23}.Debug|x64.Build.0 = Debug|Any CPU
		{7B0EBC62-9C0C-47B3-B2B8-A5F734133A23}.Debug|x86.ActiveCfg = Debug|Any CPU
		{7B0EBC62-9C0C-47B3-B2B8-A5F734133A23}.Debug|x86.Build.0 = Debug|Any CPU
		{7B0EBC62-9C0C-47B3-B2B8-A5F734133A23}.Release|Any CPU.ActiveCfg = Release|Any CPU
		{7B0EBC62-9C0C-47B3-B2B8-A5F734133A23}.Release|Any CPU.Build.0 = Release|Any CPU
		{7B0EBC62-9C0C-47B3-B2B8-A5F734133A23}.Release|ARM.ActiveCfg = Release|Any CPU
		{7B0EBC62-9C0C-47B3-B2B8-A5F734133A23}.Release|ARM.Build.0 = Release|Any CPU
		{7B0EBC62-9C0C-47B3-B2B8-A5F734133A23}.Release|iPhone.ActiveCfg = Release|Any CPU
		{7B0EBC62-9C0C-47B3-B2B8-A5F734133A23}.Release|iPhone.Build.0 = Release|Any CPU
		{7B0EBC62-9C0C-47B3-B2B8-A5F734133A23}.Release|iPhoneSimulator.ActiveCfg = Release|Any CPU
		{7B0EBC62-9C0C-47B3-B2B8-A5F734133A23}.Release|iPhoneSimulator.Build.0 = Release|Any CPU
		{7B0EBC62-9C0C-47B3-B2B8-A5F734133A23}.Release|x64.ActiveCfg = Release|Any CPU
		{7B0EBC62-9C0C-47B3-B2B8-A5F734133A23}.Release|x64.Build.0 = Release|Any CPU
		{7B0EBC62-9C0C-47B3-B2B8-A5F734133A23}.Release|x86.ActiveCfg = Release|Any CPU
		{7B0EBC62-9C0C-47B3-B2B8-A5F734133A23}.Release|x86.Build.0 = Release|Any CPU
	EndGlobalSection
	GlobalSection(SolutionProperties) = preSolution
		HideSolutionNode = FALSE
	EndGlobalSection
EndGlobal
